// !$*UTF8*$!
{
	archiveVersion = 1;
	classes = {
	};
	objectVersion = 46;
	objects = {

/* Begin PBXBuildFile section */
		2473F2D11BC85CAE0075EA00 /* DCTDataSource.m in Sources */ = {isa = PBXBuildFile; fileRef = 244A67A4158B1AF600952890 /* DCTDataSource.m */; };
		2473F2D21BC85CAE0075EA00 /* DCTParentDataSource.m in Sources */ = {isa = PBXBuildFile; fileRef = 244A679E158B1AF600952890 /* DCTParentDataSource.m */; };
		2473F2D31BC85CAE0075EA00 /* DCTSegmentedControlDataSource.m in Sources */ = {isa = PBXBuildFile; fileRef = 24EA55261B5D416D00E1B3B2 /* DCTSegmentedControlDataSource.m */; };
		2473F2D41BC85CAE0075EA00 /* DCTDataSourceUpdate.m in Sources */ = {isa = PBXBuildFile; fileRef = 24A389FC162303CF0003A1BE /* DCTDataSourceUpdate.m */; };
		2473F2D61BC85CAE0075EA00 /* DCTHidingDataSource.m in Sources */ = {isa = PBXBuildFile; fileRef = 24B1B1EB1A35A38800F35416 /* DCTHidingDataSource.m */; };
		2473F2D71BC85CAE0075EA00 /* NSIndexPath+DCTDataSource.m in Sources */ = {isa = PBXBuildFile; fileRef = 24CF1A721A939BD000868486 /* NSIndexPath+DCTDataSource.m */; };
		2473F2D81BC85CAE0075EA00 /* DCTTableViewDataSource.m in Sources */ = {isa = PBXBuildFile; fileRef = 24297F0F1640109700E32187 /* DCTTableViewDataSource.m */; };
		2473F2D91BC85CAE0075EA00 /* UITableView+DCTDataSource.m in Sources */ = {isa = PBXBuildFile; fileRef = 244A67AF158B1AF700952890 /* UITableView+DCTDataSource.m */; };
		2473F2DA1BC85CAE0075EA00 /* DCTCollectionViewDataSource.m in Sources */ = {isa = PBXBuildFile; fileRef = 24297F131640165B00E32187 /* DCTCollectionViewDataSource.m */; };
		2473F2DB1BC85CAE0075EA00 /* DCTArrayObservingDataSource.m in Sources */ = {isa = PBXBuildFile; fileRef = 244A6790158B1AF600952890 /* DCTArrayObservingDataSource.m */; };
		2473F2DC1BC85CAE0075EA00 /* DCTArrayDataSource.m in Sources */ = {isa = PBXBuildFile; fileRef = 244A6792158B1AF600952890 /* DCTArrayDataSource.m */; };
		2473F2DD1BC85CAE0075EA00 /* DCTObjectDataSource.m in Sources */ = {isa = PBXBuildFile; fileRef = 244A679C158B1AF600952890 /* DCTObjectDataSource.m */; };
		2473F2DE1BC85CAE0075EA00 /* DCTSplitDataSource.m in Sources */ = {isa = PBXBuildFile; fileRef = 244A67A0158B1AF600952890 /* DCTSplitDataSource.m */; };
		2473F2DF1BC85CAE0075EA00 /* DCTFetchedResultsDataSource.m in Sources */ = {isa = PBXBuildFile; fileRef = 244A6796158B1AF600952890 /* DCTFetchedResultsDataSource.m */; };
		2473F2E21BC85CAE0075EA00 /* DCTDataSource.h in Headers */ = {isa = PBXBuildFile; fileRef = 244A67A3158B1AF600952890 /* DCTDataSource.h */; settings = {ATTRIBUTES = (Public, ); }; };
		2473F2E31BC85CAE0075EA00 /* DCTParentDataSource.h in Headers */ = {isa = PBXBuildFile; fileRef = 244A679D158B1AF600952890 /* DCTParentDataSource.h */; settings = {ATTRIBUTES = (Public, ); }; };
		2473F2E41BC85CAE0075EA00 /* DCTDataSourceUpdate.h in Headers */ = {isa = PBXBuildFile; fileRef = 24A389FB162303CF0003A1BE /* DCTDataSourceUpdate.h */; settings = {ATTRIBUTES = (Public, ); }; };
		2473F2E61BC85CAE0075EA00 /* DCTTableViewDataSource.h in Headers */ = {isa = PBXBuildFile; fileRef = 24297F0E1640109700E32187 /* DCTTableViewDataSource.h */; settings = {ATTRIBUTES = (Public, ); }; };
		2473F2E71BC85CAE0075EA00 /* DCTCollectionViewDataSource.h in Headers */ = {isa = PBXBuildFile; fileRef = 24297F121640165B00E32187 /* DCTCollectionViewDataSource.h */; settings = {ATTRIBUTES = (Public, ); }; };
		2473F2E81BC85CAE0075EA00 /* DCTArrayObservingDataSource.h in Headers */ = {isa = PBXBuildFile; fileRef = 244A678F158B1AF600952890 /* DCTArrayObservingDataSource.h */; settings = {ATTRIBUTES = (Public, ); }; };
		2473F2E91BC85CAE0075EA00 /* DCTArrayDataSource.h in Headers */ = {isa = PBXBuildFile; fileRef = 244A6791158B1AF600952890 /* DCTArrayDataSource.h */; settings = {ATTRIBUTES = (Public, ); }; };
		2473F2EA1BC85CAE0075EA00 /* DCTObjectDataSource.h in Headers */ = {isa = PBXBuildFile; fileRef = 244A679B158B1AF600952890 /* DCTObjectDataSource.h */; settings = {ATTRIBUTES = (Public, ); }; };
		2473F2EB1BC85CAE0075EA00 /* DCTSegmentedControlDataSource.h in Headers */ = {isa = PBXBuildFile; fileRef = 24EA55251B5D416D00E1B3B2 /* DCTSegmentedControlDataSource.h */; settings = {ATTRIBUTES = (Public, ); }; };
		2473F2EC1BC85CAE0075EA00 /* DCTHidingDataSource.h in Headers */ = {isa = PBXBuildFile; fileRef = 24B1B1EA1A35A38800F35416 /* DCTHidingDataSource.h */; settings = {ATTRIBUTES = (Public, ); }; };
		2473F2ED1BC85CAE0075EA00 /* DCTSplitDataSource.h in Headers */ = {isa = PBXBuildFile; fileRef = 244A679F158B1AF600952890 /* DCTSplitDataSource.h */; settings = {ATTRIBUTES = (Public, ); }; };
		2473F2EE1BC85CAE0075EA00 /* NSIndexPath+DCTDataSource.h in Headers */ = {isa = PBXBuildFile; fileRef = 24CF1A711A939BD000868486 /* NSIndexPath+DCTDataSource.h */; settings = {ATTRIBUTES = (Public, ); }; };
		2473F2EF1BC85CAE0075EA00 /* DCTFetchedResultsDataSource.h in Headers */ = {isa = PBXBuildFile; fileRef = 244A6795158B1AF600952890 /* DCTFetchedResultsDataSource.h */; settings = {ATTRIBUTES = (Public, ); }; };
		2473F2F01BC85CAE0075EA00 /* UITableView+DCTDataSource.h in Headers */ = {isa = PBXBuildFile; fileRef = 244A67AE158B1AF700952890 /* UITableView+DCTDataSource.h */; settings = {ATTRIBUTES = (Public, ); }; };
		248CC949189ECB4A009E2F6C /* InfoPlist.strings in Resources */ = {isa = PBXBuildFile; fileRef = 248CC947189ECB4A009E2F6C /* InfoPlist.strings */; };
		248CC954189ECC49009E2F6C /* DCTTestDataSource.m in Sources */ = {isa = PBXBuildFile; fileRef = 248CC953189ECC49009E2F6C /* DCTTestDataSource.m */; };
		248CC956189ECDA7009E2F6C /* DCTSplitDataSourceTests.m in Sources */ = {isa = PBXBuildFile; fileRef = 248CC955189ECDA7009E2F6C /* DCTSplitDataSourceTests.m */; };
		248CC957189ECDC1009E2F6C /* libDCTDataSource.a in Frameworks */ = {isa = PBXBuildFile; fileRef = 2437B77D15B97FA900750117 /* libDCTDataSource.a */; };
		249B7DA31BE3DA08008E2318 /* DCTTransitionDataSource.h in Headers */ = {isa = PBXBuildFile; fileRef = 249B7DA11BE3DA08008E2318 /* DCTTransitionDataSource.h */; settings = {ATTRIBUTES = (Public, ); }; };
		249B7DA41BE3DA08008E2318 /* DCTTransitionDataSource.h in Headers */ = {isa = PBXBuildFile; fileRef = 249B7DA11BE3DA08008E2318 /* DCTTransitionDataSource.h */; settings = {ATTRIBUTES = (Public, ); }; };
		249B7DA51BE3DA08008E2318 /* DCTTransitionDataSource.h in Headers */ = {isa = PBXBuildFile; fileRef = 249B7DA11BE3DA08008E2318 /* DCTTransitionDataSource.h */; settings = {ATTRIBUTES = (Public, ); }; };
		249B7DA61BE3DA08008E2318 /* DCTTransitionDataSource.m in Sources */ = {isa = PBXBuildFile; fileRef = 249B7DA21BE3DA08008E2318 /* DCTTransitionDataSource.m */; };
		249B7DA71BE3DA08008E2318 /* DCTTransitionDataSource.m in Sources */ = {isa = PBXBuildFile; fileRef = 249B7DA21BE3DA08008E2318 /* DCTTransitionDataSource.m */; };
		249B7DA81BE3DA08008E2318 /* DCTTransitionDataSource.m in Sources */ = {isa = PBXBuildFile; fileRef = 249B7DA21BE3DA08008E2318 /* DCTTransitionDataSource.m */; };
		249B7DA91BE3DA08008E2318 /* DCTTransitionDataSource.m in Sources */ = {isa = PBXBuildFile; fileRef = 249B7DA21BE3DA08008E2318 /* DCTTransitionDataSource.m */; };
		249C85641A35A6FF00B60E9D /* DCTHidingDataSource.h in Headers */ = {isa = PBXBuildFile; fileRef = 24B1B1EA1A35A38800F35416 /* DCTHidingDataSource.h */; settings = {ATTRIBUTES = (Public, ); }; };
		249C85651A35A7BE00B60E9D /* DCTHidingDataSource.m in Sources */ = {isa = PBXBuildFile; fileRef = 24B1B1EB1A35A38800F35416 /* DCTHidingDataSource.m */; };
		24A3E3DA189F80F300E73F0C /* DCTFetchedResultsDataSourceTests.m in Sources */ = {isa = PBXBuildFile; fileRef = 24A3E3D9189F80F300E73F0C /* DCTFetchedResultsDataSourceTests.m */; };
		24A3E3DD189F816F00E73F0C /* TestModel.xcdatamodeld in Sources */ = {isa = PBXBuildFile; fileRef = 24A3E3DB189F816F00E73F0C /* TestModel.xcdatamodeld */; };
		24A3E3E4189F826A00E73F0C /* Event.m in Sources */ = {isa = PBXBuildFile; fileRef = 24A3E3E0189F826A00E73F0C /* Event.m */; };
		24A3E3E5189F826A00E73F0C /* _Event.m in Sources */ = {isa = PBXBuildFile; fileRef = 24A3E3E3189F826A00E73F0C /* _Event.m */; };
		24AF7A9C187AFE0B0091AD00 /* main.m in Sources */ = {isa = PBXBuildFile; fileRef = 24AF7A9B187AFE0B0091AD00 /* main.m */; };
		24AF7AA0187AFE0B0091AD00 /* AppDelegate.m in Sources */ = {isa = PBXBuildFile; fileRef = 24AF7A9F187AFE0B0091AD00 /* AppDelegate.m */; };
		24AF7AA2187AFE0B0091AD00 /* Images.xcassets in Resources */ = {isa = PBXBuildFile; fileRef = 24AF7AA1187AFE0B0091AD00 /* Images.xcassets */; };
		24AF7ABC187AFE2F0091AD00 /* libDCTDataSource.a in Frameworks */ = {isa = PBXBuildFile; fileRef = 2437B77D15B97FA900750117 /* libDCTDataSource.a */; };
		24AF7ABF187AFE460091AD00 /* ViewController.m in Sources */ = {isa = PBXBuildFile; fileRef = 24AF7ABE187AFE460091AD00 /* ViewController.m */; };
		24AF7ADF187BF0F60091AD00 /* Storyboard.storyboard in Resources */ = {isa = PBXBuildFile; fileRef = 24AF7ADE187BF0F60091AD00 /* Storyboard.storyboard */; };
		24AF7AE2187C44DA0091AD00 /* CollectionViewCell.m in Sources */ = {isa = PBXBuildFile; fileRef = 24AF7AE1187C44DA0091AD00 /* CollectionViewCell.m */; };
		24AF7AE3187C5CDA0091AD00 /* DCTDataSource.h in Copy Files */ = {isa = PBXBuildFile; fileRef = 244A67A3158B1AF600952890 /* DCTDataSource.h */; };
		24AF7AE4187C5CDA0091AD00 /* DCTParentDataSource.h in Copy Files */ = {isa = PBXBuildFile; fileRef = 244A679D158B1AF600952890 /* DCTParentDataSource.h */; };
		24AF7AE5187C5CDA0091AD00 /* DCTDataSourceUpdate.h in Copy Files */ = {isa = PBXBuildFile; fileRef = 24A389FB162303CF0003A1BE /* DCTDataSourceUpdate.h */; };
		24AF7AE6187C5CDA0091AD00 /* DCTPickerViewDataSource.h in Copy Files */ = {isa = PBXBuildFile; fileRef = 24ABB4DA17A12D610061A95E /* DCTPickerViewDataSource.h */; };
		24AF7AE7187C5CDA0091AD00 /* DCTTableViewDataSource.h in Copy Files */ = {isa = PBXBuildFile; fileRef = 24297F0E1640109700E32187 /* DCTTableViewDataSource.h */; };
		24AF7AE8187C5CDA0091AD00 /* UITableView+DCTDataSource.h in Copy Files */ = {isa = PBXBuildFile; fileRef = 244A67AE158B1AF700952890 /* UITableView+DCTDataSource.h */; };
		24AF7AE9187C5CDA0091AD00 /* DCTCollectionViewDataSource.h in Copy Files */ = {isa = PBXBuildFile; fileRef = 24297F121640165B00E32187 /* DCTCollectionViewDataSource.h */; };
		24AF7AEA187C5CDA0091AD00 /* DCTArrayObservingDataSource.h in Copy Files */ = {isa = PBXBuildFile; fileRef = 244A678F158B1AF600952890 /* DCTArrayObservingDataSource.h */; };
		24AF7AEB187C5CDA0091AD00 /* DCTArrayDataSource.h in Copy Files */ = {isa = PBXBuildFile; fileRef = 244A6791158B1AF600952890 /* DCTArrayDataSource.h */; };
		24AF7AEC187C5CDA0091AD00 /* DCTObjectDataSource.h in Copy Files */ = {isa = PBXBuildFile; fileRef = 244A679B158B1AF600952890 /* DCTObjectDataSource.h */; };
		24AF7AED187C5CDA0091AD00 /* DCTSplitDataSource.h in Copy Files */ = {isa = PBXBuildFile; fileRef = 244A679F158B1AF600952890 /* DCTSplitDataSource.h */; };
		24AF7AEF187C5CDA0091AD00 /* DCTFetchedResultsDataSource.h in Copy Files */ = {isa = PBXBuildFile; fileRef = 244A6795158B1AF600952890 /* DCTFetchedResultsDataSource.h */; };
		24AF7AF0187C5D100091AD00 /* DCTDataSource.m in Sources */ = {isa = PBXBuildFile; fileRef = 244A67A4158B1AF600952890 /* DCTDataSource.m */; };
		24AF7AF1187C5D100091AD00 /* DCTParentDataSource.m in Sources */ = {isa = PBXBuildFile; fileRef = 244A679E158B1AF600952890 /* DCTParentDataSource.m */; };
		24AF7AF2187C5D100091AD00 /* DCTDataSourceUpdate.m in Sources */ = {isa = PBXBuildFile; fileRef = 24A389FC162303CF0003A1BE /* DCTDataSourceUpdate.m */; };
		24AF7AF3187C5D100091AD00 /* DCTPickerViewDataSource.m in Sources */ = {isa = PBXBuildFile; fileRef = 24ABB4DB17A12D610061A95E /* DCTPickerViewDataSource.m */; };
		24AF7AF4187C5D100091AD00 /* DCTTableViewDataSource.m in Sources */ = {isa = PBXBuildFile; fileRef = 24297F0F1640109700E32187 /* DCTTableViewDataSource.m */; };
		24AF7AF5187C5D100091AD00 /* UITableView+DCTDataSource.m in Sources */ = {isa = PBXBuildFile; fileRef = 244A67AF158B1AF700952890 /* UITableView+DCTDataSource.m */; };
		24AF7AF6187C5D100091AD00 /* DCTCollectionViewDataSource.m in Sources */ = {isa = PBXBuildFile; fileRef = 24297F131640165B00E32187 /* DCTCollectionViewDataSource.m */; };
		24AF7AF7187C5D100091AD00 /* DCTArrayObservingDataSource.m in Sources */ = {isa = PBXBuildFile; fileRef = 244A6790158B1AF600952890 /* DCTArrayObservingDataSource.m */; };
		24AF7AF8187C5D100091AD00 /* DCTArrayDataSource.m in Sources */ = {isa = PBXBuildFile; fileRef = 244A6792158B1AF600952890 /* DCTArrayDataSource.m */; };
		24AF7AF9187C5D100091AD00 /* DCTObjectDataSource.m in Sources */ = {isa = PBXBuildFile; fileRef = 244A679C158B1AF600952890 /* DCTObjectDataSource.m */; };
		24AF7AFA187C5D100091AD00 /* DCTSplitDataSource.m in Sources */ = {isa = PBXBuildFile; fileRef = 244A67A0158B1AF600952890 /* DCTSplitDataSource.m */; };
		24AF7AFB187C5D100091AD00 /* DCTFetchedResultsDataSource.m in Sources */ = {isa = PBXBuildFile; fileRef = 244A6796158B1AF600952890 /* DCTFetchedResultsDataSource.m */; };
		24B1B1EC1A35A38800F35416 /* DCTHidingDataSource.m in Sources */ = {isa = PBXBuildFile; fileRef = 24B1B1EB1A35A38800F35416 /* DCTHidingDataSource.m */; };
		24CCDD6319A8008700D96F66 /* DCTDataSource.m in Sources */ = {isa = PBXBuildFile; fileRef = 244A67A4158B1AF600952890 /* DCTDataSource.m */; };
		24CCDD6419A800A300D96F66 /* DCTParentDataSource.m in Sources */ = {isa = PBXBuildFile; fileRef = 244A679E158B1AF600952890 /* DCTParentDataSource.m */; };
		24CCDD6519A800A300D96F66 /* DCTDataSourceUpdate.m in Sources */ = {isa = PBXBuildFile; fileRef = 24A389FC162303CF0003A1BE /* DCTDataSourceUpdate.m */; };
		24CCDD6619A800A300D96F66 /* DCTPickerViewDataSource.m in Sources */ = {isa = PBXBuildFile; fileRef = 24ABB4DB17A12D610061A95E /* DCTPickerViewDataSource.m */; };
		24CCDD6719A800A300D96F66 /* DCTTableViewDataSource.m in Sources */ = {isa = PBXBuildFile; fileRef = 24297F0F1640109700E32187 /* DCTTableViewDataSource.m */; };
		24CCDD6819A800A300D96F66 /* UITableView+DCTDataSource.m in Sources */ = {isa = PBXBuildFile; fileRef = 244A67AF158B1AF700952890 /* UITableView+DCTDataSource.m */; };
		24CCDD6919A800A300D96F66 /* DCTCollectionViewDataSource.m in Sources */ = {isa = PBXBuildFile; fileRef = 24297F131640165B00E32187 /* DCTCollectionViewDataSource.m */; };
		24CCDD6A19A800A300D96F66 /* DCTArrayObservingDataSource.m in Sources */ = {isa = PBXBuildFile; fileRef = 244A6790158B1AF600952890 /* DCTArrayObservingDataSource.m */; };
		24CCDD6B19A800A300D96F66 /* DCTArrayDataSource.m in Sources */ = {isa = PBXBuildFile; fileRef = 244A6792158B1AF600952890 /* DCTArrayDataSource.m */; };
		24CCDD6C19A800A300D96F66 /* DCTObjectDataSource.m in Sources */ = {isa = PBXBuildFile; fileRef = 244A679C158B1AF600952890 /* DCTObjectDataSource.m */; };
		24CCDD6D19A800A300D96F66 /* DCTSplitDataSource.m in Sources */ = {isa = PBXBuildFile; fileRef = 244A67A0158B1AF600952890 /* DCTSplitDataSource.m */; };
		24CCDD6F19A800A300D96F66 /* DCTFetchedResultsDataSource.m in Sources */ = {isa = PBXBuildFile; fileRef = 244A6796158B1AF600952890 /* DCTFetchedResultsDataSource.m */; };
		24CCDD7019A800AF00D96F66 /* DCTDataSource.h in Headers */ = {isa = PBXBuildFile; fileRef = 244A67A3158B1AF600952890 /* DCTDataSource.h */; settings = {ATTRIBUTES = (Public, ); }; };
		24CCDD7119A800AF00D96F66 /* DCTParentDataSource.h in Headers */ = {isa = PBXBuildFile; fileRef = 244A679D158B1AF600952890 /* DCTParentDataSource.h */; settings = {ATTRIBUTES = (Public, ); }; };
		24CCDD7219A800C600D96F66 /* DCTDataSourceUpdate.h in Headers */ = {isa = PBXBuildFile; fileRef = 24A389FB162303CF0003A1BE /* DCTDataSourceUpdate.h */; settings = {ATTRIBUTES = (Public, ); }; };
		24CCDD7319A800C600D96F66 /* DCTPickerViewDataSource.h in Headers */ = {isa = PBXBuildFile; fileRef = 24ABB4DA17A12D610061A95E /* DCTPickerViewDataSource.h */; settings = {ATTRIBUTES = (Public, ); }; };
		24CCDD7419A800C600D96F66 /* DCTTableViewDataSource.h in Headers */ = {isa = PBXBuildFile; fileRef = 24297F0E1640109700E32187 /* DCTTableViewDataSource.h */; settings = {ATTRIBUTES = (Public, ); }; };
		24CCDD7519A800C600D96F66 /* UITableView+DCTDataSource.h in Headers */ = {isa = PBXBuildFile; fileRef = 244A67AE158B1AF700952890 /* UITableView+DCTDataSource.h */; settings = {ATTRIBUTES = (Public, ); }; };
		24CCDD7619A800C600D96F66 /* DCTCollectionViewDataSource.h in Headers */ = {isa = PBXBuildFile; fileRef = 24297F121640165B00E32187 /* DCTCollectionViewDataSource.h */; settings = {ATTRIBUTES = (Public, ); }; };
		24CCDD7719A800C600D96F66 /* DCTArrayObservingDataSource.h in Headers */ = {isa = PBXBuildFile; fileRef = 244A678F158B1AF600952890 /* DCTArrayObservingDataSource.h */; settings = {ATTRIBUTES = (Public, ); }; };
		24CCDD7819A800C600D96F66 /* DCTArrayDataSource.h in Headers */ = {isa = PBXBuildFile; fileRef = 244A6791158B1AF600952890 /* DCTArrayDataSource.h */; settings = {ATTRIBUTES = (Public, ); }; };
		24CCDD7919A800C600D96F66 /* DCTObjectDataSource.h in Headers */ = {isa = PBXBuildFile; fileRef = 244A679B158B1AF600952890 /* DCTObjectDataSource.h */; settings = {ATTRIBUTES = (Public, ); }; };
		24CCDD7A19A800C600D96F66 /* DCTSplitDataSource.h in Headers */ = {isa = PBXBuildFile; fileRef = 244A679F158B1AF600952890 /* DCTSplitDataSource.h */; settings = {ATTRIBUTES = (Public, ); }; };
		24CCDD7C19A800C600D96F66 /* DCTFetchedResultsDataSource.h in Headers */ = {isa = PBXBuildFile; fileRef = 244A6795158B1AF600952890 /* DCTFetchedResultsDataSource.h */; settings = {ATTRIBUTES = (Public, ); }; };
		24CF1A591A939A2200868486 /* DCTDataSource.m in Sources */ = {isa = PBXBuildFile; fileRef = 244A67A4158B1AF600952890 /* DCTDataSource.m */; };
		24CF1A5A1A939A2200868486 /* DCTParentDataSource.m in Sources */ = {isa = PBXBuildFile; fileRef = 244A679E158B1AF600952890 /* DCTParentDataSource.m */; };
		24CF1A5B1A939A2200868486 /* DCTDataSourceUpdate.m in Sources */ = {isa = PBXBuildFile; fileRef = 24A389FC162303CF0003A1BE /* DCTDataSourceUpdate.m */; };
		24CF1A5C1A939A2200868486 /* DCTArrayObservingDataSource.m in Sources */ = {isa = PBXBuildFile; fileRef = 244A6790158B1AF600952890 /* DCTArrayObservingDataSource.m */; };
		24CF1A5D1A939A2200868486 /* DCTArrayDataSource.m in Sources */ = {isa = PBXBuildFile; fileRef = 244A6792158B1AF600952890 /* DCTArrayDataSource.m */; };
		24CF1A5E1A939A2200868486 /* DCTObjectDataSource.m in Sources */ = {isa = PBXBuildFile; fileRef = 244A679C158B1AF600952890 /* DCTObjectDataSource.m */; };
		24CF1A5F1A939A2200868486 /* DCTSplitDataSource.m in Sources */ = {isa = PBXBuildFile; fileRef = 244A67A0158B1AF600952890 /* DCTSplitDataSource.m */; };
		24CF1A611A939A2200868486 /* DCTHidingDataSource.m in Sources */ = {isa = PBXBuildFile; fileRef = 24B1B1EB1A35A38800F35416 /* DCTHidingDataSource.m */; };
		24CF1A621A939A4A00868486 /* DCTDataSource.h in Headers */ = {isa = PBXBuildFile; fileRef = 244A67A3158B1AF600952890 /* DCTDataSource.h */; settings = {ATTRIBUTES = (Public, ); }; };
		24CF1A631A939A4A00868486 /* DCTParentDataSource.h in Headers */ = {isa = PBXBuildFile; fileRef = 244A679D158B1AF600952890 /* DCTParentDataSource.h */; settings = {ATTRIBUTES = (Public, ); }; };
		24CF1A641A939A4A00868486 /* DCTDataSourceUpdate.h in Headers */ = {isa = PBXBuildFile; fileRef = 24A389FB162303CF0003A1BE /* DCTDataSourceUpdate.h */; settings = {ATTRIBUTES = (Public, ); }; };
		24CF1A651A939A4A00868486 /* DCTArrayObservingDataSource.h in Headers */ = {isa = PBXBuildFile; fileRef = 244A678F158B1AF600952890 /* DCTArrayObservingDataSource.h */; settings = {ATTRIBUTES = (Public, ); }; };
		24CF1A661A939A4A00868486 /* DCTArrayDataSource.h in Headers */ = {isa = PBXBuildFile; fileRef = 244A6791158B1AF600952890 /* DCTArrayDataSource.h */; settings = {ATTRIBUTES = (Public, ); }; };
		24CF1A671A939A4A00868486 /* DCTObjectDataSource.h in Headers */ = {isa = PBXBuildFile; fileRef = 244A679B158B1AF600952890 /* DCTObjectDataSource.h */; settings = {ATTRIBUTES = (Public, ); }; };
		24CF1A681A939A4A00868486 /* DCTSplitDataSource.h in Headers */ = {isa = PBXBuildFile; fileRef = 244A679F158B1AF600952890 /* DCTSplitDataSource.h */; settings = {ATTRIBUTES = (Public, ); }; };
		24CF1A6A1A939A4A00868486 /* DCTHidingDataSource.h in Headers */ = {isa = PBXBuildFile; fileRef = 24B1B1EA1A35A38800F35416 /* DCTHidingDataSource.h */; settings = {ATTRIBUTES = (Public, ); }; };
		24CF1A731A939BD000868486 /* NSIndexPath+DCTDataSource.h in Headers */ = {isa = PBXBuildFile; fileRef = 24CF1A711A939BD000868486 /* NSIndexPath+DCTDataSource.h */; settings = {ATTRIBUTES = (Public, ); }; };
		24CF1A741A939BD000868486 /* NSIndexPath+DCTDataSource.h in Headers */ = {isa = PBXBuildFile; fileRef = 24CF1A711A939BD000868486 /* NSIndexPath+DCTDataSource.h */; settings = {ATTRIBUTES = (Public, ); }; };
		24CF1A751A939BD000868486 /* NSIndexPath+DCTDataSource.m in Sources */ = {isa = PBXBuildFile; fileRef = 24CF1A721A939BD000868486 /* NSIndexPath+DCTDataSource.m */; };
		24CF1A761A939BD000868486 /* NSIndexPath+DCTDataSource.m in Sources */ = {isa = PBXBuildFile; fileRef = 24CF1A721A939BD000868486 /* NSIndexPath+DCTDataSource.m */; };
		24E023731A93CF860012B032 /* DCTOutlineViewDataSource.h in Headers */ = {isa = PBXBuildFile; fileRef = 24E023711A93CF860012B032 /* DCTOutlineViewDataSource.h */; settings = {ATTRIBUTES = (Public, ); }; };
		24E023741A93CF860012B032 /* DCTOutlineViewDataSource.m in Sources */ = {isa = PBXBuildFile; fileRef = 24E023721A93CF860012B032 /* DCTOutlineViewDataSource.m */; };
		24EA55271B5D416D00E1B3B2 /* DCTSegmentedControlDataSource.h in Headers */ = {isa = PBXBuildFile; fileRef = 24EA55251B5D416D00E1B3B2 /* DCTSegmentedControlDataSource.h */; settings = {ATTRIBUTES = (Public, ); }; };
		24EA55291B5D416D00E1B3B2 /* DCTSegmentedControlDataSource.m in Sources */ = {isa = PBXBuildFile; fileRef = 24EA55261B5D416D00E1B3B2 /* DCTSegmentedControlDataSource.m */; };
		24EA552A1B5D416D00E1B3B2 /* DCTSegmentedControlDataSource.m in Sources */ = {isa = PBXBuildFile; fileRef = 24EA55261B5D416D00E1B3B2 /* DCTSegmentedControlDataSource.m */; };
/* End PBXBuildFile section */

/* Begin PBXContainerItemProxy section */
		248CC94D189ECB4A009E2F6C /* PBXContainerItemProxy */ = {
			isa = PBXContainerItemProxy;
			containerPortal = 244A675C158B1AB100952890 /* Project object */;
			proxyType = 1;
			remoteGlobalIDString = 2437B77C15B97FA900750117;
			remoteInfo = DCTDataSource;
		};
/* End PBXContainerItemProxy section */

/* Begin PBXCopyFilesBuildPhase section */
		2437B77B15B97FA900750117 /* Copy Files */ = {
			isa = PBXCopyFilesBuildPhase;
			buildActionMask = 2147483647;
			dstPath = "include/${PRODUCT_NAME}";
			dstSubfolderSpec = 16;
			files = (
				24AF7AE3187C5CDA0091AD00 /* DCTDataSource.h in Copy Files */,
				24AF7AE4187C5CDA0091AD00 /* DCTParentDataSource.h in Copy Files */,
				24AF7AE5187C5CDA0091AD00 /* DCTDataSourceUpdate.h in Copy Files */,
				24AF7AE6187C5CDA0091AD00 /* DCTPickerViewDataSource.h in Copy Files */,
				24AF7AE7187C5CDA0091AD00 /* DCTTableViewDataSource.h in Copy Files */,
				24AF7AE8187C5CDA0091AD00 /* UITableView+DCTDataSource.h in Copy Files */,
				24AF7AE9187C5CDA0091AD00 /* DCTCollectionViewDataSource.h in Copy Files */,
				24AF7AEA187C5CDA0091AD00 /* DCTArrayObservingDataSource.h in Copy Files */,
				24AF7AEB187C5CDA0091AD00 /* DCTArrayDataSource.h in Copy Files */,
				24AF7AEC187C5CDA0091AD00 /* DCTObjectDataSource.h in Copy Files */,
				24AF7AED187C5CDA0091AD00 /* DCTSplitDataSource.h in Copy Files */,
				24AF7AEF187C5CDA0091AD00 /* DCTFetchedResultsDataSource.h in Copy Files */,
			);
			name = "Copy Files";
			runOnlyForDeploymentPostprocessing = 0;
		};
/* End PBXCopyFilesBuildPhase section */

/* Begin PBXFileReference section */
		24297F0E1640109700E32187 /* DCTTableViewDataSource.h */ = {isa = PBXFileReference; fileEncoding = 4; lastKnownFileType = sourcecode.c.h; path = DCTTableViewDataSource.h; sourceTree = "<group>"; };
		24297F0F1640109700E32187 /* DCTTableViewDataSource.m */ = {isa = PBXFileReference; fileEncoding = 4; lastKnownFileType = sourcecode.c.objc; path = DCTTableViewDataSource.m; sourceTree = "<group>"; };
		24297F121640165B00E32187 /* DCTCollectionViewDataSource.h */ = {isa = PBXFileReference; fileEncoding = 4; lastKnownFileType = sourcecode.c.h; path = DCTCollectionViewDataSource.h; sourceTree = "<group>"; };
		24297F131640165B00E32187 /* DCTCollectionViewDataSource.m */ = {isa = PBXFileReference; fileEncoding = 4; lastKnownFileType = sourcecode.c.objc; path = DCTCollectionViewDataSource.m; sourceTree = "<group>"; };
		2437B77D15B97FA900750117 /* libDCTDataSource.a */ = {isa = PBXFileReference; explicitFileType = archive.ar; includeInIndex = 0; path = libDCTDataSource.a; sourceTree = BUILT_PRODUCTS_DIR; };
		244A678F158B1AF600952890 /* DCTArrayObservingDataSource.h */ = {isa = PBXFileReference; fileEncoding = 4; lastKnownFileType = sourcecode.c.h; lineEnding = 0; path = DCTArrayObservingDataSource.h; sourceTree = "<group>"; xcLanguageSpecificationIdentifier = xcode.lang.objcpp; };
		244A6790158B1AF600952890 /* DCTArrayObservingDataSource.m */ = {isa = PBXFileReference; fileEncoding = 4; lastKnownFileType = sourcecode.c.objc; lineEnding = 0; path = DCTArrayObservingDataSource.m; sourceTree = "<group>"; xcLanguageSpecificationIdentifier = xcode.lang.objc; };
		244A6791158B1AF600952890 /* DCTArrayDataSource.h */ = {isa = PBXFileReference; fileEncoding = 4; lastKnownFileType = sourcecode.c.h; lineEnding = 0; path = DCTArrayDataSource.h; sourceTree = "<group>"; xcLanguageSpecificationIdentifier = xcode.lang.objcpp; };
		244A6792158B1AF600952890 /* DCTArrayDataSource.m */ = {isa = PBXFileReference; fileEncoding = 4; lastKnownFileType = sourcecode.c.objc; path = DCTArrayDataSource.m; sourceTree = "<group>"; };
		244A6793158B1AF600952890 /* DCTCollapsableDataSource.h */ = {isa = PBXFileReference; fileEncoding = 4; lastKnownFileType = sourcecode.c.h; path = DCTCollapsableDataSource.h; sourceTree = "<group>"; };
		244A6794158B1AF600952890 /* DCTCollapsableDataSource.m */ = {isa = PBXFileReference; fileEncoding = 4; lastKnownFileType = sourcecode.c.objc; path = DCTCollapsableDataSource.m; sourceTree = "<group>"; };
		244A6795158B1AF600952890 /* DCTFetchedResultsDataSource.h */ = {isa = PBXFileReference; fileEncoding = 4; lastKnownFileType = sourcecode.c.h; path = DCTFetchedResultsDataSource.h; sourceTree = "<group>"; };
		244A6796158B1AF600952890 /* DCTFetchedResultsDataSource.m */ = {isa = PBXFileReference; fileEncoding = 4; lastKnownFileType = sourcecode.c.objc; path = DCTFetchedResultsDataSource.m; sourceTree = "<group>"; };
		244A679B158B1AF600952890 /* DCTObjectDataSource.h */ = {isa = PBXFileReference; fileEncoding = 4; lastKnownFileType = sourcecode.c.h; path = DCTObjectDataSource.h; sourceTree = "<group>"; };
		244A679C158B1AF600952890 /* DCTObjectDataSource.m */ = {isa = PBXFileReference; fileEncoding = 4; lastKnownFileType = sourcecode.c.objc; path = DCTObjectDataSource.m; sourceTree = "<group>"; };
		244A679D158B1AF600952890 /* DCTParentDataSource.h */ = {isa = PBXFileReference; fileEncoding = 4; lastKnownFileType = sourcecode.c.h; path = DCTParentDataSource.h; sourceTree = "<group>"; };
		244A679E158B1AF600952890 /* DCTParentDataSource.m */ = {isa = PBXFileReference; fileEncoding = 4; lastKnownFileType = sourcecode.c.objc; path = DCTParentDataSource.m; sourceTree = "<group>"; };
		244A679F158B1AF600952890 /* DCTSplitDataSource.h */ = {isa = PBXFileReference; fileEncoding = 4; lastKnownFileType = sourcecode.c.h; path = DCTSplitDataSource.h; sourceTree = "<group>"; };
		244A67A0158B1AF600952890 /* DCTSplitDataSource.m */ = {isa = PBXFileReference; fileEncoding = 4; lastKnownFileType = sourcecode.c.objc; path = DCTSplitDataSource.m; sourceTree = "<group>"; };
		244A67A3158B1AF600952890 /* DCTDataSource.h */ = {isa = PBXFileReference; fileEncoding = 4; lastKnownFileType = sourcecode.c.h; path = DCTDataSource.h; sourceTree = "<group>"; };
		244A67A4158B1AF600952890 /* DCTDataSource.m */ = {isa = PBXFileReference; fileEncoding = 4; lastKnownFileType = sourcecode.c.objc; path = DCTDataSource.m; sourceTree = "<group>"; };
		244A67AE158B1AF700952890 /* UITableView+DCTDataSource.h */ = {isa = PBXFileReference; fileEncoding = 4; lastKnownFileType = sourcecode.c.h; path = "UITableView+DCTDataSource.h"; sourceTree = "<group>"; };
		244A67AF158B1AF700952890 /* UITableView+DCTDataSource.m */ = {isa = PBXFileReference; fileEncoding = 4; lastKnownFileType = sourcecode.c.objc; path = "UITableView+DCTDataSource.m"; sourceTree = "<group>"; };
		244DE83419A91C5500A91DC7 /* Debug.xcconfig */ = {isa = PBXFileReference; lastKnownFileType = text.xcconfig; path = Debug.xcconfig; sourceTree = "<group>"; };
		244DE83519A91C5500A91DC7 /* iOS Application.xcconfig */ = {isa = PBXFileReference; lastKnownFileType = text.xcconfig; path = "iOS Application.xcconfig"; sourceTree = "<group>"; };
		244DE83619A91C5500A91DC7 /* iOS Bundle.xcconfig */ = {isa = PBXFileReference; lastKnownFileType = text.xcconfig; path = "iOS Bundle.xcconfig"; sourceTree = "<group>"; };
		244DE83719A91C5500A91DC7 /* iOS Framework.xcconfig */ = {isa = PBXFileReference; lastKnownFileType = text.xcconfig; path = "iOS Framework.xcconfig"; sourceTree = "<group>"; };
		244DE83819A91C5500A91DC7 /* iOS Static Library.xcconfig */ = {isa = PBXFileReference; lastKnownFileType = text.xcconfig; path = "iOS Static Library.xcconfig"; sourceTree = "<group>"; };
		244DE83919A91C5500A91DC7 /* iOS Tests.xcconfig */ = {isa = PBXFileReference; lastKnownFileType = text.xcconfig; path = "iOS Tests.xcconfig"; sourceTree = "<group>"; };
		244DE83A19A91C5500A91DC7 /* OS X Framework.xcconfig */ = {isa = PBXFileReference; lastKnownFileType = text.xcconfig; path = "OS X Framework.xcconfig"; sourceTree = "<group>"; };
		244DE83B19A91C5500A91DC7 /* Release.xcconfig */ = {isa = PBXFileReference; lastKnownFileType = text.xcconfig; path = Release.xcconfig; sourceTree = "<group>"; };
		244DE83C19A91C5500A91DC7 /* Shared.xcconfig */ = {isa = PBXFileReference; lastKnownFileType = text.xcconfig; path = Shared.xcconfig; sourceTree = "<group>"; };
		2473F2F61BC85CAE0075EA00 /* DCTDataSource.framework */ = {isa = PBXFileReference; explicitFileType = wrapper.framework; includeInIndex = 0; path = DCTDataSource.framework; sourceTree = BUILT_PRODUCTS_DIR; };
		2473F2F71BC85CE10075EA00 /* tvOS Application.xcconfig */ = {isa = PBXFileReference; lastKnownFileType = text.xcconfig; path = "tvOS Application.xcconfig"; sourceTree = "<group>"; };
		2473F2F81BC85CE10075EA00 /* tvOS Framework.xcconfig */ = {isa = PBXFileReference; lastKnownFileType = text.xcconfig; path = "tvOS Framework.xcconfig"; sourceTree = "<group>"; };
		2473F2F91BC85CE10075EA00 /* tvOS Tests.xcconfig */ = {isa = PBXFileReference; lastKnownFileType = text.xcconfig; path = "tvOS Tests.xcconfig"; sourceTree = "<group>"; };
		248CC940189ECB4A009E2F6C /* DCTDataSource Tests.xctest */ = {isa = PBXFileReference; explicitFileType = wrapper.cfbundle; includeInIndex = 0; path = "DCTDataSource Tests.xctest"; sourceTree = BUILT_PRODUCTS_DIR; };
		248CC946189ECB4A009E2F6C /* Info.plist */ = {isa = PBXFileReference; lastKnownFileType = text.plist.xml; path = Info.plist; sourceTree = "<group>"; };
		248CC948189ECB4A009E2F6C /* en */ = {isa = PBXFileReference; lastKnownFileType = text.plist.strings; name = en; path = en.lproj/InfoPlist.strings; sourceTree = "<group>"; };
		248CC952189ECC49009E2F6C /* DCTTestDataSource.h */ = {isa = PBXFileReference; fileEncoding = 4; lastKnownFileType = sourcecode.c.h; path = DCTTestDataSource.h; sourceTree = "<group>"; };
		248CC953189ECC49009E2F6C /* DCTTestDataSource.m */ = {isa = PBXFileReference; fileEncoding = 4; lastKnownFileType = sourcecode.c.objc; path = DCTTestDataSource.m; sourceTree = "<group>"; };
		248CC955189ECDA7009E2F6C /* DCTSplitDataSourceTests.m */ = {isa = PBXFileReference; fileEncoding = 4; lastKnownFileType = sourcecode.c.objc; path = DCTSplitDataSourceTests.m; sourceTree = "<group>"; };
		24959EDF19A721AD00C17E48 /* DCTDataSource.framework */ = {isa = PBXFileReference; explicitFileType = wrapper.framework; includeInIndex = 0; path = DCTDataSource.framework; sourceTree = BUILT_PRODUCTS_DIR; };
		24959EF519A721D300C17E48 /* Info.plist */ = {isa = PBXFileReference; lastKnownFileType = text.plist.xml; path = Info.plist; sourceTree = "<group>"; };
		249B7DA11BE3DA08008E2318 /* DCTTransitionDataSource.h */ = {isa = PBXFileReference; fileEncoding = 4; lastKnownFileType = sourcecode.c.h; path = DCTTransitionDataSource.h; sourceTree = "<group>"; };
		249B7DA21BE3DA08008E2318 /* DCTTransitionDataSource.m */ = {isa = PBXFileReference; fileEncoding = 4; lastKnownFileType = sourcecode.c.objc; path = DCTTransitionDataSource.m; sourceTree = "<group>"; };
		24A389FB162303CF0003A1BE /* DCTDataSourceUpdate.h */ = {isa = PBXFileReference; fileEncoding = 4; lastKnownFileType = sourcecode.c.h; path = DCTDataSourceUpdate.h; sourceTree = "<group>"; };
		24A389FC162303CF0003A1BE /* DCTDataSourceUpdate.m */ = {isa = PBXFileReference; fileEncoding = 4; lastKnownFileType = sourcecode.c.objc; path = DCTDataSourceUpdate.m; sourceTree = "<group>"; };
		24A3E3D9189F80F300E73F0C /* DCTFetchedResultsDataSourceTests.m */ = {isa = PBXFileReference; fileEncoding = 4; lastKnownFileType = sourcecode.c.objc; path = DCTFetchedResultsDataSourceTests.m; sourceTree = "<group>"; };
		24A3E3DC189F816F00E73F0C /* TestModel.xcdatamodel */ = {isa = PBXFileReference; lastKnownFileType = wrapper.xcdatamodel; path = TestModel.xcdatamodel; sourceTree = "<group>"; };
		24A3E3DF189F826A00E73F0C /* Event.h */ = {isa = PBXFileReference; fileEncoding = 4; lastKnownFileType = sourcecode.c.h; path = Event.h; sourceTree = "<group>"; };
		24A3E3E0189F826A00E73F0C /* Event.m */ = {isa = PBXFileReference; fileEncoding = 4; lastKnownFileType = sourcecode.c.objc; path = Event.m; sourceTree = "<group>"; };
		24A3E3E2189F826A00E73F0C /* _Event.h */ = {isa = PBXFileReference; fileEncoding = 4; lastKnownFileType = sourcecode.c.h; path = _Event.h; sourceTree = "<group>"; };
		24A3E3E3189F826A00E73F0C /* _Event.m */ = {isa = PBXFileReference; fileEncoding = 4; lastKnownFileType = sourcecode.c.objc; path = _Event.m; sourceTree = "<group>"; };
		24ABB4DA17A12D610061A95E /* DCTPickerViewDataSource.h */ = {isa = PBXFileReference; fileEncoding = 4; lastKnownFileType = sourcecode.c.h; lineEnding = 0; path = DCTPickerViewDataSource.h; sourceTree = "<group>"; xcLanguageSpecificationIdentifier = xcode.lang.objcpp; };
		24ABB4DB17A12D610061A95E /* DCTPickerViewDataSource.m */ = {isa = PBXFileReference; fileEncoding = 4; lastKnownFileType = sourcecode.c.objc; path = DCTPickerViewDataSource.m; sourceTree = "<group>"; };
		24AF7A90187AFE0B0091AD00 /* DCTDataSource Demo.app */ = {isa = PBXFileReference; explicitFileType = wrapper.application; includeInIndex = 0; path = "DCTDataSource Demo.app"; sourceTree = BUILT_PRODUCTS_DIR; };
		24AF7A97187AFE0B0091AD00 /* Info.plist */ = {isa = PBXFileReference; lastKnownFileType = text.plist.xml; path = Info.plist; sourceTree = "<group>"; };
		24AF7A9B187AFE0B0091AD00 /* main.m */ = {isa = PBXFileReference; lastKnownFileType = sourcecode.c.objc; path = main.m; sourceTree = "<group>"; };
		24AF7A9E187AFE0B0091AD00 /* AppDelegate.h */ = {isa = PBXFileReference; lastKnownFileType = sourcecode.c.h; path = AppDelegate.h; sourceTree = "<group>"; };
		24AF7A9F187AFE0B0091AD00 /* AppDelegate.m */ = {isa = PBXFileReference; lastKnownFileType = sourcecode.c.objc; path = AppDelegate.m; sourceTree = "<group>"; };
		24AF7AA1187AFE0B0091AD00 /* Images.xcassets */ = {isa = PBXFileReference; lastKnownFileType = folder.assetcatalog; path = Images.xcassets; sourceTree = "<group>"; };
		24AF7ABD187AFE460091AD00 /* ViewController.h */ = {isa = PBXFileReference; fileEncoding = 4; lastKnownFileType = sourcecode.c.h; path = ViewController.h; sourceTree = "<group>"; };
		24AF7ABE187AFE460091AD00 /* ViewController.m */ = {isa = PBXFileReference; fileEncoding = 4; lastKnownFileType = sourcecode.c.objc; path = ViewController.m; sourceTree = "<group>"; };
		24AF7ADE187BF0F60091AD00 /* Storyboard.storyboard */ = {isa = PBXFileReference; fileEncoding = 4; lastKnownFileType = file.storyboard; path = Storyboard.storyboard; sourceTree = "<group>"; };
		24AF7AE0187C44DA0091AD00 /* CollectionViewCell.h */ = {isa = PBXFileReference; fileEncoding = 4; lastKnownFileType = sourcecode.c.h; path = CollectionViewCell.h; sourceTree = "<group>"; };
		24AF7AE1187C44DA0091AD00 /* CollectionViewCell.m */ = {isa = PBXFileReference; fileEncoding = 4; lastKnownFileType = sourcecode.c.objc; path = CollectionViewCell.m; sourceTree = "<group>"; };
		24B1B1EA1A35A38800F35416 /* DCTHidingDataSource.h */ = {isa = PBXFileReference; fileEncoding = 4; lastKnownFileType = sourcecode.c.h; path = DCTHidingDataSource.h; sourceTree = "<group>"; };
		24B1B1EB1A35A38800F35416 /* DCTHidingDataSource.m */ = {isa = PBXFileReference; fileEncoding = 4; lastKnownFileType = sourcecode.c.objc; path = DCTHidingDataSource.m; sourceTree = "<group>"; };
		24CF1A211A93983500868486 /* DCTDataSource.framework */ = {isa = PBXFileReference; explicitFileType = wrapper.framework; includeInIndex = 0; path = DCTDataSource.framework; sourceTree = BUILT_PRODUCTS_DIR; };
		24CF1A711A939BD000868486 /* NSIndexPath+DCTDataSource.h */ = {isa = PBXFileReference; fileEncoding = 4; lastKnownFileType = sourcecode.c.h; path = "NSIndexPath+DCTDataSource.h"; sourceTree = "<group>"; };
		24CF1A721A939BD000868486 /* NSIndexPath+DCTDataSource.m */ = {isa = PBXFileReference; fileEncoding = 4; lastKnownFileType = sourcecode.c.objc; path = "NSIndexPath+DCTDataSource.m"; sourceTree = "<group>"; };
		24E023711A93CF860012B032 /* DCTOutlineViewDataSource.h */ = {isa = PBXFileReference; fileEncoding = 4; lastKnownFileType = sourcecode.c.h; path = DCTOutlineViewDataSource.h; sourceTree = "<group>"; };
		24E023721A93CF860012B032 /* DCTOutlineViewDataSource.m */ = {isa = PBXFileReference; fileEncoding = 4; lastKnownFileType = sourcecode.c.objc; path = DCTOutlineViewDataSource.m; sourceTree = "<group>"; };
		24EA55251B5D416D00E1B3B2 /* DCTSegmentedControlDataSource.h */ = {isa = PBXFileReference; fileEncoding = 4; lastKnownFileType = sourcecode.c.h; path = DCTSegmentedControlDataSource.h; sourceTree = "<group>"; };
		24EA55261B5D416D00E1B3B2 /* DCTSegmentedControlDataSource.m */ = {isa = PBXFileReference; fileEncoding = 4; lastKnownFileType = sourcecode.c.objc; path = DCTSegmentedControlDataSource.m; sourceTree = "<group>"; };
/* End PBXFileReference section */

/* Begin PBXFrameworksBuildPhase section */
		2473F2E01BC85CAE0075EA00 /* Frameworks */ = {
			isa = PBXFrameworksBuildPhase;
			buildActionMask = 2147483647;
			files = (
			);
			runOnlyForDeploymentPostprocessing = 0;
		};
		248CC93D189ECB4A009E2F6C /* Frameworks */ = {
			isa = PBXFrameworksBuildPhase;
			buildActionMask = 2147483647;
			files = (
				248CC957189ECDC1009E2F6C /* libDCTDataSource.a in Frameworks */,
			);
			runOnlyForDeploymentPostprocessing = 0;
		};
		24959EDB19A721AD00C17E48 /* Frameworks */ = {
			isa = PBXFrameworksBuildPhase;
			buildActionMask = 2147483647;
			files = (
			);
			runOnlyForDeploymentPostprocessing = 0;
		};
		24AF7A8D187AFE0B0091AD00 /* Frameworks */ = {
			isa = PBXFrameworksBuildPhase;
			buildActionMask = 2147483647;
			files = (
				24AF7ABC187AFE2F0091AD00 /* libDCTDataSource.a in Frameworks */,
			);
			runOnlyForDeploymentPostprocessing = 0;
		};
		24CF1A1D1A93983500868486 /* Frameworks */ = {
			isa = PBXFrameworksBuildPhase;
			buildActionMask = 2147483647;
			files = (
			);
			runOnlyForDeploymentPostprocessing = 0;
		};
/* End PBXFrameworksBuildPhase section */

/* Begin PBXGroup section */
		24297F111640161200E32187 /* UITableView */ = {
			isa = PBXGroup;
			children = (
				24297F0E1640109700E32187 /* DCTTableViewDataSource.h */,
				24297F0F1640109700E32187 /* DCTTableViewDataSource.m */,
				244A67AE158B1AF700952890 /* UITableView+DCTDataSource.h */,
				244A67AF158B1AF700952890 /* UITableView+DCTDataSource.m */,
			);
			name = UITableView;
			sourceTree = "<group>";
		};
		24297F151640166400E32187 /* UICollectionView */ = {
			isa = PBXGroup;
			children = (
				24297F121640165B00E32187 /* DCTCollectionViewDataSource.h */,
				24297F131640165B00E32187 /* DCTCollectionViewDataSource.m */,
			);
			name = UICollectionView;
			sourceTree = "<group>";
		};
		244A675A158B1AB100952890 = {
			isa = PBXGroup;
			children = (
				244A676A158B1AB100952890 /* DCTDataSource */,
				24AF7A95187AFE0B0091AD00 /* DCTDataSource Demo */,
				248CC944189ECB4A009E2F6C /* DCTDataSource Tests */,
				244DE83319A91C5500A91DC7 /* Configurations */,
				244A6766158B1AB100952890 /* Products */,
			);
			sourceTree = "<group>";
		};
		244A6766158B1AB100952890 /* Products */ = {
			isa = PBXGroup;
			children = (
				2437B77D15B97FA900750117 /* libDCTDataSource.a */,
				24AF7A90187AFE0B0091AD00 /* DCTDataSource Demo.app */,
				248CC940189ECB4A009E2F6C /* DCTDataSource Tests.xctest */,
				24959EDF19A721AD00C17E48 /* DCTDataSource.framework */,
				24CF1A211A93983500868486 /* DCTDataSource.framework */,
				2473F2F61BC85CAE0075EA00 /* DCTDataSource.framework */,
			);
			name = Products;
			sourceTree = "<group>";
		};
		244A676A158B1AB100952890 /* DCTDataSource */ = {
			isa = PBXGroup;
			children = (
				24959EF519A721D300C17E48 /* Info.plist */,
				244A67A3158B1AF600952890 /* DCTDataSource.h */,
				244A67A4158B1AF600952890 /* DCTDataSource.m */,
				244A679D158B1AF600952890 /* DCTParentDataSource.h */,
				244A679E158B1AF600952890 /* DCTParentDataSource.m */,
				24A389FB162303CF0003A1BE /* DCTDataSourceUpdate.h */,
				24A389FC162303CF0003A1BE /* DCTDataSourceUpdate.m */,
				24CF1A711A939BD000868486 /* NSIndexPath+DCTDataSource.h */,
				24CF1A721A939BD000868486 /* NSIndexPath+DCTDataSource.m */,
				24ABB4DD17A12D660061A95E /* UIPickerView */,
				24297F111640161200E32187 /* UITableView */,
				24297F151640166400E32187 /* UICollectionView */,
				24EA552F1B5D654800E1B3B2 /* UISegmentedControl */,
				24E023701A93CF4B0012B032 /* NSOutlineView */,
				24D4AB29162B26A8009F3E35 /* Object + Array */,
				24D4AB27162B2634009F3E35 /* Parent Data Sources */,
				24D4AB28162B2649009F3E35 /* Core Data */,
			);
			path = DCTDataSource;
			sourceTree = "<group>";
		};
		244DE83319A91C5500A91DC7 /* Configurations */ = {
			isa = PBXGroup;
			children = (
				244DE83419A91C5500A91DC7 /* Debug.xcconfig */,
				244DE83519A91C5500A91DC7 /* iOS Application.xcconfig */,
				244DE83619A91C5500A91DC7 /* iOS Bundle.xcconfig */,
				244DE83719A91C5500A91DC7 /* iOS Framework.xcconfig */,
				244DE83819A91C5500A91DC7 /* iOS Static Library.xcconfig */,
				244DE83919A91C5500A91DC7 /* iOS Tests.xcconfig */,
				244DE83A19A91C5500A91DC7 /* OS X Framework.xcconfig */,
				244DE83B19A91C5500A91DC7 /* Release.xcconfig */,
				244DE83C19A91C5500A91DC7 /* Shared.xcconfig */,
				2473F2F71BC85CE10075EA00 /* tvOS Application.xcconfig */,
				2473F2F81BC85CE10075EA00 /* tvOS Framework.xcconfig */,
				2473F2F91BC85CE10075EA00 /* tvOS Tests.xcconfig */,
			);
			path = Configurations;
			sourceTree = "<group>";
		};
		248CC944189ECB4A009E2F6C /* DCTDataSource Tests */ = {
			isa = PBXGroup;
			children = (
				248CC946189ECB4A009E2F6C /* Info.plist */,
				248CC947189ECB4A009E2F6C /* InfoPlist.strings */,
				248CC952189ECC49009E2F6C /* DCTTestDataSource.h */,
				248CC953189ECC49009E2F6C /* DCTTestDataSource.m */,
				248CC955189ECDA7009E2F6C /* DCTSplitDataSourceTests.m */,
				24A3E3D9189F80F300E73F0C /* DCTFetchedResultsDataSourceTests.m */,
				24A3E3DB189F816F00E73F0C /* TestModel.xcdatamodeld */,
				24A3E3DE189F826A00E73F0C /* Model */,
			);
			path = "DCTDataSource Tests";
			sourceTree = "<group>";
		};
		24A3E3DE189F826A00E73F0C /* Model */ = {
			isa = PBXGroup;
			children = (
				24A3E3DF189F826A00E73F0C /* Event.h */,
				24A3E3E0189F826A00E73F0C /* Event.m */,
				24A3E3E1189F826A00E73F0C /* Generated */,
			);
			path = Model;
			sourceTree = "<group>";
		};
		24A3E3E1189F826A00E73F0C /* Generated */ = {
			isa = PBXGroup;
			children = (
				24A3E3E2189F826A00E73F0C /* _Event.h */,
				24A3E3E3189F826A00E73F0C /* _Event.m */,
			);
			path = Generated;
			sourceTree = "<group>";
		};
		24ABB4DD17A12D660061A95E /* UIPickerView */ = {
			isa = PBXGroup;
			children = (
				24ABB4DA17A12D610061A95E /* DCTPickerViewDataSource.h */,
				24ABB4DB17A12D610061A95E /* DCTPickerViewDataSource.m */,
			);
			name = UIPickerView;
			sourceTree = "<group>";
		};
		24AF7A95187AFE0B0091AD00 /* DCTDataSource Demo */ = {
			isa = PBXGroup;
			children = (
				24AF7A9E187AFE0B0091AD00 /* AppDelegate.h */,
				24AF7A9F187AFE0B0091AD00 /* AppDelegate.m */,
				24AF7AA1187AFE0B0091AD00 /* Images.xcassets */,
				24AF7ABD187AFE460091AD00 /* ViewController.h */,
				24AF7ABE187AFE460091AD00 /* ViewController.m */,
				24AF7ADE187BF0F60091AD00 /* Storyboard.storyboard */,
				24AF7AE0187C44DA0091AD00 /* CollectionViewCell.h */,
				24AF7AE1187C44DA0091AD00 /* CollectionViewCell.m */,
				24AF7A97187AFE0B0091AD00 /* Info.plist */,
				24AF7A9B187AFE0B0091AD00 /* main.m */,
			);
			path = "DCTDataSource Demo";
			sourceTree = "<group>";
		};
		24D4AB27162B2634009F3E35 /* Parent Data Sources */ = {
			isa = PBXGroup;
			children = (
				249B7DA11BE3DA08008E2318 /* DCTTransitionDataSource.h */,
				249B7DA21BE3DA08008E2318 /* DCTTransitionDataSource.m */,
				244A679F158B1AF600952890 /* DCTSplitDataSource.h */,
				244A67A0158B1AF600952890 /* DCTSplitDataSource.m */,
				244A6793158B1AF600952890 /* DCTCollapsableDataSource.h */,
				244A6794158B1AF600952890 /* DCTCollapsableDataSource.m */,
				24B1B1EA1A35A38800F35416 /* DCTHidingDataSource.h */,
				24B1B1EB1A35A38800F35416 /* DCTHidingDataSource.m */,
			);
			name = "Parent Data Sources";
			sourceTree = "<group>";
		};
		24D4AB28162B2649009F3E35 /* Core Data */ = {
			isa = PBXGroup;
			children = (
				244A6795158B1AF600952890 /* DCTFetchedResultsDataSource.h */,
				244A6796158B1AF600952890 /* DCTFetchedResultsDataSource.m */,
			);
			name = "Core Data";
			sourceTree = "<group>";
		};
		24D4AB29162B26A8009F3E35 /* Object + Array */ = {
			isa = PBXGroup;
			children = (
				244A678F158B1AF600952890 /* DCTArrayObservingDataSource.h */,
				244A6790158B1AF600952890 /* DCTArrayObservingDataSource.m */,
				244A6791158B1AF600952890 /* DCTArrayDataSource.h */,
				244A6792158B1AF600952890 /* DCTArrayDataSource.m */,
				244A679B158B1AF600952890 /* DCTObjectDataSource.h */,
				244A679C158B1AF600952890 /* DCTObjectDataSource.m */,
			);
			name = "Object + Array";
			sourceTree = "<group>";
		};
		24E023701A93CF4B0012B032 /* NSOutlineView */ = {
			isa = PBXGroup;
			children = (
				24E023711A93CF860012B032 /* DCTOutlineViewDataSource.h */,
				24E023721A93CF860012B032 /* DCTOutlineViewDataSource.m */,
			);
			name = NSOutlineView;
			sourceTree = "<group>";
		};
		24EA552F1B5D654800E1B3B2 /* UISegmentedControl */ = {
			isa = PBXGroup;
			children = (
				24EA55251B5D416D00E1B3B2 /* DCTSegmentedControlDataSource.h */,
				24EA55261B5D416D00E1B3B2 /* DCTSegmentedControlDataSource.m */,
			);
			name = UISegmentedControl;
			sourceTree = "<group>";
		};
/* End PBXGroup section */

/* Begin PBXHeadersBuildPhase section */
		2473F2E11BC85CAE0075EA00 /* Headers */ = {
			isa = PBXHeadersBuildPhase;
			buildActionMask = 2147483647;
			files = (
				2473F2E21BC85CAE0075EA00 /* DCTDataSource.h in Headers */,
				2473F2E31BC85CAE0075EA00 /* DCTParentDataSource.h in Headers */,
				2473F2E41BC85CAE0075EA00 /* DCTDataSourceUpdate.h in Headers */,
				2473F2E61BC85CAE0075EA00 /* DCTTableViewDataSource.h in Headers */,
				2473F2E71BC85CAE0075EA00 /* DCTCollectionViewDataSource.h in Headers */,
				2473F2E81BC85CAE0075EA00 /* DCTArrayObservingDataSource.h in Headers */,
				2473F2E91BC85CAE0075EA00 /* DCTArrayDataSource.h in Headers */,
				2473F2EA1BC85CAE0075EA00 /* DCTObjectDataSource.h in Headers */,
				2473F2EB1BC85CAE0075EA00 /* DCTSegmentedControlDataSource.h in Headers */,
				2473F2EC1BC85CAE0075EA00 /* DCTHidingDataSource.h in Headers */,
				2473F2ED1BC85CAE0075EA00 /* DCTSplitDataSource.h in Headers */,
				249B7DA51BE3DA08008E2318 /* DCTTransitionDataSource.h in Headers */,
				2473F2EE1BC85CAE0075EA00 /* NSIndexPath+DCTDataSource.h in Headers */,
				2473F2EF1BC85CAE0075EA00 /* DCTFetchedResultsDataSource.h in Headers */,
				2473F2F01BC85CAE0075EA00 /* UITableView+DCTDataSource.h in Headers */,
			);
			runOnlyForDeploymentPostprocessing = 0;
		};
		24959EDC19A721AD00C17E48 /* Headers */ = {
			isa = PBXHeadersBuildPhase;
			buildActionMask = 2147483647;
			files = (
				24CCDD7019A800AF00D96F66 /* DCTDataSource.h in Headers */,
				24CCDD7119A800AF00D96F66 /* DCTParentDataSource.h in Headers */,
				24CCDD7219A800C600D96F66 /* DCTDataSourceUpdate.h in Headers */,
				24CCDD7319A800C600D96F66 /* DCTPickerViewDataSource.h in Headers */,
				24CCDD7419A800C600D96F66 /* DCTTableViewDataSource.h in Headers */,
				24CCDD7619A800C600D96F66 /* DCTCollectionViewDataSource.h in Headers */,
				24CCDD7719A800C600D96F66 /* DCTArrayObservingDataSource.h in Headers */,
				24CCDD7819A800C600D96F66 /* DCTArrayDataSource.h in Headers */,
				24CCDD7919A800C600D96F66 /* DCTObjectDataSource.h in Headers */,
				24EA55271B5D416D00E1B3B2 /* DCTSegmentedControlDataSource.h in Headers */,
				249C85641A35A6FF00B60E9D /* DCTHidingDataSource.h in Headers */,
				24CCDD7A19A800C600D96F66 /* DCTSplitDataSource.h in Headers */,
				249B7DA31BE3DA08008E2318 /* DCTTransitionDataSource.h in Headers */,
				24CF1A731A939BD000868486 /* NSIndexPath+DCTDataSource.h in Headers */,
				24CCDD7C19A800C600D96F66 /* DCTFetchedResultsDataSource.h in Headers */,
				24CCDD7519A800C600D96F66 /* UITableView+DCTDataSource.h in Headers */,
			);
			runOnlyForDeploymentPostprocessing = 0;
		};
		24CF1A1E1A93983500868486 /* Headers */ = {
			isa = PBXHeadersBuildPhase;
			buildActionMask = 2147483647;
			files = (
				24CF1A621A939A4A00868486 /* DCTDataSource.h in Headers */,
				24CF1A631A939A4A00868486 /* DCTParentDataSource.h in Headers */,
				24CF1A641A939A4A00868486 /* DCTDataSourceUpdate.h in Headers */,
				24CF1A651A939A4A00868486 /* DCTArrayObservingDataSource.h in Headers */,
				24CF1A661A939A4A00868486 /* DCTArrayDataSource.h in Headers */,
				24CF1A671A939A4A00868486 /* DCTObjectDataSource.h in Headers */,
				249B7DA41BE3DA08008E2318 /* DCTTransitionDataSource.h in Headers */,
				24E023731A93CF860012B032 /* DCTOutlineViewDataSource.h in Headers */,
				24CF1A681A939A4A00868486 /* DCTSplitDataSource.h in Headers */,
				24CF1A741A939BD000868486 /* NSIndexPath+DCTDataSource.h in Headers */,
				24CF1A6A1A939A4A00868486 /* DCTHidingDataSource.h in Headers */,
			);
			runOnlyForDeploymentPostprocessing = 0;
		};
/* End PBXHeadersBuildPhase section */

/* Begin PBXNativeTarget section */
		2437B77C15B97FA900750117 /* DCTDataSource */ = {
			isa = PBXNativeTarget;
			buildConfigurationList = 2437B78615B97FA900750117 /* Build configuration list for PBXNativeTarget "DCTDataSource" */;
			buildPhases = (
				2437B77915B97FA900750117 /* Sources */,
				2437B77B15B97FA900750117 /* Copy Files */,
				24493EE118CFB24E003A1AA5 /* Documentation */,
			);
			buildRules = (
			);
			dependencies = (
			);
			name = DCTDataSource;
			productName = DCTTableViewDataSources;
			productReference = 2437B77D15B97FA900750117 /* libDCTDataSource.a */;
			productType = "com.apple.product-type.library.static";
		};
		2473F2CF1BC85CAE0075EA00 /* DCTDataSource tvOS */ = {
			isa = PBXNativeTarget;
			buildConfigurationList = 2473F2F31BC85CAE0075EA00 /* Build configuration list for PBXNativeTarget "DCTDataSource tvOS" */;
			buildPhases = (
				2473F2D01BC85CAE0075EA00 /* Sources */,
				2473F2E01BC85CAE0075EA00 /* Frameworks */,
				2473F2E11BC85CAE0075EA00 /* Headers */,
				2473F2F11BC85CAE0075EA00 /* Resources */,
				2473F2F21BC85CAE0075EA00 /* Documentation */,
			);
			buildRules = (
			);
			dependencies = (
			);
			name = "DCTDataSource tvOS";
			productName = "DCTDataSource iOS";
			productReference = 2473F2F61BC85CAE0075EA00 /* DCTDataSource.framework */;
			productType = "com.apple.product-type.framework";
		};
		248CC93F189ECB4A009E2F6C /* DCTDataSource Tests */ = {
			isa = PBXNativeTarget;
			buildConfigurationList = 248CC951189ECB4A009E2F6C /* Build configuration list for PBXNativeTarget "DCTDataSource Tests" */;
			buildPhases = (
				248CC93C189ECB4A009E2F6C /* Sources */,
				248CC93D189ECB4A009E2F6C /* Frameworks */,
				248CC93E189ECB4A009E2F6C /* Resources */,
			);
			buildRules = (
			);
			dependencies = (
				248CC94E189ECB4A009E2F6C /* PBXTargetDependency */,
			);
			name = "DCTDataSource Tests";
			productName = "DCTDataSource Tests";
			productReference = 248CC940189ECB4A009E2F6C /* DCTDataSource Tests.xctest */;
			productType = "com.apple.product-type.bundle.unit-test";
		};
		24959EDE19A721AD00C17E48 /* DCTDataSource iOS */ = {
			isa = PBXNativeTarget;
			buildConfigurationList = 24959EF319A721AE00C17E48 /* Build configuration list for PBXNativeTarget "DCTDataSource iOS" */;
			buildPhases = (
				24959EDA19A721AD00C17E48 /* Sources */,
				24959EDB19A721AD00C17E48 /* Frameworks */,
				24959EDC19A721AD00C17E48 /* Headers */,
				24959EDD19A721AD00C17E48 /* Resources */,
				240C637D1A6457A5007CD368 /* Documentation */,
			);
			buildRules = (
			);
			dependencies = (
			);
			name = "DCTDataSource iOS";
			productName = "DCTDataSource iOS";
			productReference = 24959EDF19A721AD00C17E48 /* DCTDataSource.framework */;
			productType = "com.apple.product-type.framework";
		};
		24AF7A8F187AFE0B0091AD00 /* DCTDataSource Demo */ = {
			isa = PBXNativeTarget;
			buildConfigurationList = 24AF7ABA187AFE0B0091AD00 /* Build configuration list for PBXNativeTarget "DCTDataSource Demo" */;
			buildPhases = (
				24AF7A8C187AFE0B0091AD00 /* Sources */,
				24AF7A8D187AFE0B0091AD00 /* Frameworks */,
				24AF7A8E187AFE0B0091AD00 /* Resources */,
			);
			buildRules = (
			);
			dependencies = (
			);
			name = "DCTDataSource Demo";
			productName = "DCTDataSource Demo";
			productReference = 24AF7A90187AFE0B0091AD00 /* DCTDataSource Demo.app */;
			productType = "com.apple.product-type.application";
		};
		24CF1A201A93983500868486 /* DCTDataSource OS X */ = {
			isa = PBXNativeTarget;
			buildConfigurationList = 24CF1A381A93983500868486 /* Build configuration list for PBXNativeTarget "DCTDataSource OS X" */;
			buildPhases = (
				24CF1A1C1A93983500868486 /* Sources */,
				24CF1A1D1A93983500868486 /* Frameworks */,
				24CF1A1E1A93983500868486 /* Headers */,
				24CF1A1F1A93983500868486 /* Resources */,
			);
			buildRules = (
			);
			dependencies = (
			);
			name = "DCTDataSource OS X";
			productName = "DCTDataSource OS X";
			productReference = 24CF1A211A93983500868486 /* DCTDataSource.framework */;
			productType = "com.apple.product-type.framework";
		};
/* End PBXNativeTarget section */

/* Begin PBXProject section */
		244A675C158B1AB100952890 /* Project object */ = {
			isa = PBXProject;
			attributes = {
				LastUpgradeCheck = 0710;
				ORGANIZATIONNAME = "Daniel Tull";
				TargetAttributes = {
					248CC93F189ECB4A009E2F6C = {
						TestTargetID = 2437B77C15B97FA900750117;
					};
					24959EDE19A721AD00C17E48 = {
						CreatedOnToolsVersion = 6.0;
					};
					24CF1A201A93983500868486 = {
						CreatedOnToolsVersion = 6.1.1;
					};
				};
			};
			buildConfigurationList = 244A675F158B1AB100952890 /* Build configuration list for PBXProject "DCTDataSource" */;
			compatibilityVersion = "Xcode 3.2";
			developmentRegion = English;
			hasScannedForEncodings = 0;
			knownRegions = (
				en,
			);
			mainGroup = 244A675A158B1AB100952890;
			productRefGroup = 244A6766158B1AB100952890 /* Products */;
			projectDirPath = "";
			projectRoot = "";
			targets = (
				2437B77C15B97FA900750117 /* DCTDataSource */,
				24959EDE19A721AD00C17E48 /* DCTDataSource iOS */,
				24CF1A201A93983500868486 /* DCTDataSource OS X */,
				2473F2CF1BC85CAE0075EA00 /* DCTDataSource tvOS */,
				24AF7A8F187AFE0B0091AD00 /* DCTDataSource Demo */,
				248CC93F189ECB4A009E2F6C /* DCTDataSource Tests */,
			);
		};
/* End PBXProject section */

/* Begin PBXResourcesBuildPhase section */
		2473F2F11BC85CAE0075EA00 /* Resources */ = {
			isa = PBXResourcesBuildPhase;
			buildActionMask = 2147483647;
			files = (
			);
			runOnlyForDeploymentPostprocessing = 0;
		};
		248CC93E189ECB4A009E2F6C /* Resources */ = {
			isa = PBXResourcesBuildPhase;
			buildActionMask = 2147483647;
			files = (
				248CC949189ECB4A009E2F6C /* InfoPlist.strings in Resources */,
			);
			runOnlyForDeploymentPostprocessing = 0;
		};
		24959EDD19A721AD00C17E48 /* Resources */ = {
			isa = PBXResourcesBuildPhase;
			buildActionMask = 2147483647;
			files = (
			);
			runOnlyForDeploymentPostprocessing = 0;
		};
		24AF7A8E187AFE0B0091AD00 /* Resources */ = {
			isa = PBXResourcesBuildPhase;
			buildActionMask = 2147483647;
			files = (
				24AF7AA2187AFE0B0091AD00 /* Images.xcassets in Resources */,
				24AF7ADF187BF0F60091AD00 /* Storyboard.storyboard in Resources */,
			);
			runOnlyForDeploymentPostprocessing = 0;
		};
		24CF1A1F1A93983500868486 /* Resources */ = {
			isa = PBXResourcesBuildPhase;
			buildActionMask = 2147483647;
			files = (
			);
			runOnlyForDeploymentPostprocessing = 0;
		};
/* End PBXResourcesBuildPhase section */

/* Begin PBXShellScriptBuildPhase section */
		240C637D1A6457A5007CD368 /* Documentation */ = {
			isa = PBXShellScriptBuildPhase;
			buildActionMask = 2147483647;
			files = (
			);
			inputPaths = (
			);
			name = Documentation;
			outputPaths = (
			);
			runOnlyForDeploymentPostprocessing = 0;
			shellPath = /bin/sh;
			shellScript = "./Scripts/documentation.sh -c \"Daniel Tull\" -i \"uk.co.danieltull\" > /dev/null 2>&1 &\n";
		};
		24493EE118CFB24E003A1AA5 /* Documentation */ = {
			isa = PBXShellScriptBuildPhase;
			buildActionMask = 2147483647;
			files = (
			);
			inputPaths = (
			);
			name = Documentation;
			outputPaths = (
			);
			runOnlyForDeploymentPostprocessing = 0;
			shellPath = /bin/sh;
			shellScript = "# Add this to Xcode's PATH to find homebrew installation\nPATH=$PATH:/usr/local/bin\n\nappledoc=`which appledoc`\n\nif [ $appledoc ]; then\n\ncompany=\"Daniel Tull\";\ncompanyID=\"uk.co.danieltull\";\ncompanyURL=\"http://danieltull.co.uk\";\nuuid=`uuidgen`\necho ${uuid}\noutputPath=\"/tmp/${uuid}\";\n\n$appledoc \\\n--project-name \"${PRODUCT_NAME}\" \\\n--project-company \"${company}\" \\\n--company-id \"${companyID}\" \\\n--output \"${outputPath}\" \\\n--create-docset \\\n--install-docset \\\n--create-html \\\n--docset-platform-family \"iphoneos\" \\\n--exit-threshold 2 \\\n--no-repeat-first-par \\\n\"${BUILT_PRODUCTS_DIR}/include/${PRODUCT_NAME}\"\n\nrm -rf ${outputPath}\n\nelse\n\necho \"appledoc not found.\"\n\nfi;\n";
		};
		2473F2F21BC85CAE0075EA00 /* Documentation */ = {
			isa = PBXShellScriptBuildPhase;
			buildActionMask = 2147483647;
			files = (
			);
			inputPaths = (
			);
			name = Documentation;
			outputPaths = (
			);
			runOnlyForDeploymentPostprocessing = 0;
			shellPath = /bin/sh;
			shellScript = "./Scripts/documentation.sh -c \"Daniel Tull\" -i \"uk.co.danieltull\" > /dev/null 2>&1 &\n";
		};
/* End PBXShellScriptBuildPhase section */

/* Begin PBXSourcesBuildPhase section */
		2437B77915B97FA900750117 /* Sources */ = {
			isa = PBXSourcesBuildPhase;
			buildActionMask = 2147483647;
			files = (
				249B7DA61BE3DA08008E2318 /* DCTTransitionDataSource.m in Sources */,
				24AF7AF0187C5D100091AD00 /* DCTDataSource.m in Sources */,
				24AF7AF1187C5D100091AD00 /* DCTParentDataSource.m in Sources */,
				24AF7AF2187C5D100091AD00 /* DCTDataSourceUpdate.m in Sources */,
				24AF7AF3187C5D100091AD00 /* DCTPickerViewDataSource.m in Sources */,
				24B1B1EC1A35A38800F35416 /* DCTHidingDataSource.m in Sources */,
				24AF7AF4187C5D100091AD00 /* DCTTableViewDataSource.m in Sources */,
				24AF7AF5187C5D100091AD00 /* UITableView+DCTDataSource.m in Sources */,
				24EA55291B5D416D00E1B3B2 /* DCTSegmentedControlDataSource.m in Sources */,
				24AF7AF6187C5D100091AD00 /* DCTCollectionViewDataSource.m in Sources */,
				24AF7AF7187C5D100091AD00 /* DCTArrayObservingDataSource.m in Sources */,
				24AF7AF8187C5D100091AD00 /* DCTArrayDataSource.m in Sources */,
				24AF7AF9187C5D100091AD00 /* DCTObjectDataSource.m in Sources */,
				24AF7AFA187C5D100091AD00 /* DCTSplitDataSource.m in Sources */,
				24AF7AFB187C5D100091AD00 /* DCTFetchedResultsDataSource.m in Sources */,
			);
			runOnlyForDeploymentPostprocessing = 0;
		};
		2473F2D01BC85CAE0075EA00 /* Sources */ = {
			isa = PBXSourcesBuildPhase;
			buildActionMask = 2147483647;
			files = (
				249B7DA91BE3DA08008E2318 /* DCTTransitionDataSource.m in Sources */,
				2473F2D11BC85CAE0075EA00 /* DCTDataSource.m in Sources */,
				2473F2D21BC85CAE0075EA00 /* DCTParentDataSource.m in Sources */,
				2473F2D31BC85CAE0075EA00 /* DCTSegmentedControlDataSource.m in Sources */,
				2473F2D41BC85CAE0075EA00 /* DCTDataSourceUpdate.m in Sources */,
				2473F2D61BC85CAE0075EA00 /* DCTHidingDataSource.m in Sources */,
				2473F2D71BC85CAE0075EA00 /* NSIndexPath+DCTDataSource.m in Sources */,
				2473F2D81BC85CAE0075EA00 /* DCTTableViewDataSource.m in Sources */,
				2473F2D91BC85CAE0075EA00 /* UITableView+DCTDataSource.m in Sources */,
				2473F2DA1BC85CAE0075EA00 /* DCTCollectionViewDataSource.m in Sources */,
				2473F2DB1BC85CAE0075EA00 /* DCTArrayObservingDataSource.m in Sources */,
				2473F2DC1BC85CAE0075EA00 /* DCTArrayDataSource.m in Sources */,
				2473F2DD1BC85CAE0075EA00 /* DCTObjectDataSource.m in Sources */,
				2473F2DE1BC85CAE0075EA00 /* DCTSplitDataSource.m in Sources */,
				2473F2DF1BC85CAE0075EA00 /* DCTFetchedResultsDataSource.m in Sources */,
			);
			runOnlyForDeploymentPostprocessing = 0;
		};
		248CC93C189ECB4A009E2F6C /* Sources */ = {
			isa = PBXSourcesBuildPhase;
			buildActionMask = 2147483647;
			files = (
				24A3E3DD189F816F00E73F0C /* TestModel.xcdatamodeld in Sources */,
				248CC954189ECC49009E2F6C /* DCTTestDataSource.m in Sources */,
				24A3E3E4189F826A00E73F0C /* Event.m in Sources */,
				24A3E3DA189F80F300E73F0C /* DCTFetchedResultsDataSourceTests.m in Sources */,
				24A3E3E5189F826A00E73F0C /* _Event.m in Sources */,
				248CC956189ECDA7009E2F6C /* DCTSplitDataSourceTests.m in Sources */,
			);
			runOnlyForDeploymentPostprocessing = 0;
		};
		24959EDA19A721AD00C17E48 /* Sources */ = {
			isa = PBXSourcesBuildPhase;
			buildActionMask = 2147483647;
			files = (
				24CCDD6319A8008700D96F66 /* DCTDataSource.m in Sources */,
				24CCDD6419A800A300D96F66 /* DCTParentDataSource.m in Sources */,
				24EA552A1B5D416D00E1B3B2 /* DCTSegmentedControlDataSource.m in Sources */,
				24CCDD6519A800A300D96F66 /* DCTDataSourceUpdate.m in Sources */,
				24CCDD6619A800A300D96F66 /* DCTPickerViewDataSource.m in Sources */,
				249B7DA71BE3DA08008E2318 /* DCTTransitionDataSource.m in Sources */,
				249C85651A35A7BE00B60E9D /* DCTHidingDataSource.m in Sources */,
				24CF1A751A939BD000868486 /* NSIndexPath+DCTDataSource.m in Sources */,
				24CCDD6719A800A300D96F66 /* DCTTableViewDataSource.m in Sources */,
				24CCDD6819A800A300D96F66 /* UITableView+DCTDataSource.m in Sources */,
				24CCDD6919A800A300D96F66 /* DCTCollectionViewDataSource.m in Sources */,
				24CCDD6A19A800A300D96F66 /* DCTArrayObservingDataSource.m in Sources */,
				24CCDD6B19A800A300D96F66 /* DCTArrayDataSource.m in Sources */,
				24CCDD6C19A800A300D96F66 /* DCTObjectDataSource.m in Sources */,
				24CCDD6D19A800A300D96F66 /* DCTSplitDataSource.m in Sources */,
				24CCDD6F19A800A300D96F66 /* DCTFetchedResultsDataSource.m in Sources */,
			);
			runOnlyForDeploymentPostprocessing = 0;
		};
		24AF7A8C187AFE0B0091AD00 /* Sources */ = {
			isa = PBXSourcesBuildPhase;
			buildActionMask = 2147483647;
			files = (
				24AF7ABF187AFE460091AD00 /* ViewController.m in Sources */,
				24AF7AA0187AFE0B0091AD00 /* AppDelegate.m in Sources */,
				24AF7AE2187C44DA0091AD00 /* CollectionViewCell.m in Sources */,
				24AF7A9C187AFE0B0091AD00 /* main.m in Sources */,
			);
			runOnlyForDeploymentPostprocessing = 0;
		};
		24CF1A1C1A93983500868486 /* Sources */ = {
			isa = PBXSourcesBuildPhase;
			buildActionMask = 2147483647;
			files = (
				24CF1A591A939A2200868486 /* DCTDataSource.m in Sources */,
				249B7DA81BE3DA08008E2318 /* DCTTransitionDataSource.m in Sources */,
				24CF1A5A1A939A2200868486 /* DCTParentDataSource.m in Sources */,
				24CF1A5B1A939A2200868486 /* DCTDataSourceUpdate.m in Sources */,
				24CF1A5C1A939A2200868486 /* DCTArrayObservingDataSource.m in Sources */,
				24CF1A5D1A939A2200868486 /* DCTArrayDataSource.m in Sources */,
				24CF1A761A939BD000868486 /* NSIndexPath+DCTDataSource.m in Sources */,
				24CF1A5E1A939A2200868486 /* DCTObjectDataSource.m in Sources */,
				24CF1A5F1A939A2200868486 /* DCTSplitDataSource.m in Sources */,
				24E023741A93CF860012B032 /* DCTOutlineViewDataSource.m in Sources */,
				24CF1A611A939A2200868486 /* DCTHidingDataSource.m in Sources */,
			);
			runOnlyForDeploymentPostprocessing = 0;
		};
/* End PBXSourcesBuildPhase section */

/* Begin PBXTargetDependency section */
		248CC94E189ECB4A009E2F6C /* PBXTargetDependency */ = {
			isa = PBXTargetDependency;
			target = 2437B77C15B97FA900750117 /* DCTDataSource */;
			targetProxy = 248CC94D189ECB4A009E2F6C /* PBXContainerItemProxy */;
		};
/* End PBXTargetDependency section */

/* Begin PBXVariantGroup section */
		248CC947189ECB4A009E2F6C /* InfoPlist.strings */ = {
			isa = PBXVariantGroup;
			children = (
				248CC948189ECB4A009E2F6C /* en */,
			);
			name = InfoPlist.strings;
			sourceTree = "<group>";
		};
/* End PBXVariantGroup section */

/* Begin XCBuildConfiguration section */
		2437B78715B97FA900750117 /* Debug */ = {
			isa = XCBuildConfiguration;
			baseConfigurationReference = 244DE83819A91C5500A91DC7 /* iOS Static Library.xcconfig */;
			buildSettings = {
				IPHONEOS_DEPLOYMENT_TARGET = 5.0;
			};
			name = Debug;
		};
		2437B78815B97FA900750117 /* Release */ = {
			isa = XCBuildConfiguration;
			baseConfigurationReference = 244DE83819A91C5500A91DC7 /* iOS Static Library.xcconfig */;
			buildSettings = {
				IPHONEOS_DEPLOYMENT_TARGET = 5.0;
			};
			name = Release;
		};
		244A6787158B1AB100952890 /* Debug */ = {
			isa = XCBuildConfiguration;
			baseConfigurationReference = 244DE83419A91C5500A91DC7 /* Debug.xcconfig */;
			buildSettings = {
				CURRENT_PROJECT_VERSION = 1;
				PRODUCT_BUNDLE_IDENTIFIER = "uk.co.danieltull.$(PRODUCT_NAME:rfc1034identifier)";
			};
			name = Debug;
		};
		244A6788158B1AB100952890 /* Release */ = {
			isa = XCBuildConfiguration;
			baseConfigurationReference = 244DE83B19A91C5500A91DC7 /* Release.xcconfig */;
			buildSettings = {
				CURRENT_PROJECT_VERSION = 1;
				PRODUCT_BUNDLE_IDENTIFIER = "uk.co.danieltull.$(PRODUCT_NAME:rfc1034identifier)";
			};
			name = Release;
		};
		2473F2F41BC85CAE0075EA00 /* Debug */ = {
			isa = XCBuildConfiguration;
			baseConfigurationReference = 2473F2F81BC85CE10075EA00 /* tvOS Framework.xcconfig */;
			buildSettings = {
				DYLIB_COMPATIBILITY_VERSION = 1;
				DYLIB_CURRENT_VERSION = 1;
				PRODUCT_NAME = DCTDataSource;
			};
			name = Debug;
		};
		2473F2F51BC85CAE0075EA00 /* Release */ = {
			isa = XCBuildConfiguration;
			baseConfigurationReference = 2473F2F81BC85CE10075EA00 /* tvOS Framework.xcconfig */;
			buildSettings = {
				DYLIB_COMPATIBILITY_VERSION = 1;
				DYLIB_CURRENT_VERSION = 1;
				PRODUCT_NAME = DCTDataSource;
			};
			name = Release;
		};
		248CC94F189ECB4A009E2F6C /* Debug */ = {
			isa = XCBuildConfiguration;
			baseConfigurationReference = 244DE83919A91C5500A91DC7 /* iOS Tests.xcconfig */;
			buildSettings = {
			};
			name = Debug;
		};
		248CC950189ECB4A009E2F6C /* Release */ = {
			isa = XCBuildConfiguration;
			baseConfigurationReference = 244DE83919A91C5500A91DC7 /* iOS Tests.xcconfig */;
			buildSettings = {
			};
			name = Release;
		};
		24959EEF19A721AE00C17E48 /* Debug */ = {
			isa = XCBuildConfiguration;
			baseConfigurationReference = 244DE83719A91C5500A91DC7 /* iOS Framework.xcconfig */;
			buildSettings = {
				DYLIB_COMPATIBILITY_VERSION = 1;
				DYLIB_CURRENT_VERSION = 1;
				PRODUCT_NAME = DCTDataSource;
			};
			name = Debug;
		};
		24959EF019A721AE00C17E48 /* Release */ = {
			isa = XCBuildConfiguration;
			baseConfigurationReference = 244DE83719A91C5500A91DC7 /* iOS Framework.xcconfig */;
			buildSettings = {
				DYLIB_COMPATIBILITY_VERSION = 1;
				DYLIB_CURRENT_VERSION = 1;
				PRODUCT_NAME = DCTDataSource;
			};
			name = Release;
		};
		24AF7AB6187AFE0B0091AD00 /* Debug */ = {
			isa = XCBuildConfiguration;
			baseConfigurationReference = 244DE83519A91C5500A91DC7 /* iOS Application.xcconfig */;
			buildSettings = {
			};
			name = Debug;
		};
		24AF7AB7187AFE0B0091AD00 /* Release */ = {
			isa = XCBuildConfiguration;
			baseConfigurationReference = 244DE83519A91C5500A91DC7 /* iOS Application.xcconfig */;
			buildSettings = {
			};
			name = Release;
		};
		24CF1A341A93983500868486 /* Debug */ = {
			isa = XCBuildConfiguration;
			baseConfigurationReference = 244DE83A19A91C5500A91DC7 /* OS X Framework.xcconfig */;
			buildSettings = {
				DYLIB_COMPATIBILITY_VERSION = 1;
				DYLIB_CURRENT_VERSION = 1;
				PRODUCT_NAME = DCTDataSource;
			};
			name = Debug;
		};
		24CF1A351A93983500868486 /* Release */ = {
			isa = XCBuildConfiguration;
			baseConfigurationReference = 244DE83A19A91C5500A91DC7 /* OS X Framework.xcconfig */;
			buildSettings = {
				DYLIB_COMPATIBILITY_VERSION = 1;
				DYLIB_CURRENT_VERSION = 1;
				PRODUCT_NAME = DCTDataSource;
			};
			name = Release;
		};
/* End XCBuildConfiguration section */

/* Begin XCConfigurationList section */
		2437B78615B97FA900750117 /* Build configuration list for PBXNativeTarget "DCTDataSource" */ = {
			isa = XCConfigurationList;
			buildConfigurations = (
				2437B78715B97FA900750117 /* Debug */,
				2437B78815B97FA900750117 /* Release */,
			);
			defaultConfigurationIsVisible = 0;
			defaultConfigurationName = Release;
		};
		244A675F158B1AB100952890 /* Build configuration list for PBXProject "DCTDataSource" */ = {
			isa = XCConfigurationList;
			buildConfigurations = (
				244A6787158B1AB100952890 /* Debug */,
				244A6788158B1AB100952890 /* Release */,
			);
			defaultConfigurationIsVisible = 0;
			defaultConfigurationName = Release;
		};
		2473F2F31BC85CAE0075EA00 /* Build configuration list for PBXNativeTarget "DCTDataSource tvOS" */ = {
			isa = XCConfigurationList;
			buildConfigurations = (
				2473F2F41BC85CAE0075EA00 /* Debug */,
				2473F2F51BC85CAE0075EA00 /* Release */,
			);
			defaultConfigurationIsVisible = 0;
			defaultConfigurationName = Release;
		};
		248CC951189ECB4A009E2F6C /* Build configuration list for PBXNativeTarget "DCTDataSource Tests" */ = {
			isa = XCConfigurationList;
			buildConfigurations = (
				248CC94F189ECB4A009E2F6C /* Debug */,
				248CC950189ECB4A009E2F6C /* Release */,
			);
			defaultConfigurationIsVisible = 0;
			defaultConfigurationName = Release;
		};
		24959EF319A721AE00C17E48 /* Build configuration list for PBXNativeTarget "DCTDataSource iOS" */ = {
			isa = XCConfigurationList;
			buildConfigurations = (
				24959EEF19A721AE00C17E48 /* Debug */,
				24959EF019A721AE00C17E48 /* Release */,
			);
			defaultConfigurationIsVisible = 0;
			defaultConfigurationName = Release;
		};
		24AF7ABA187AFE0B0091AD00 /* Build configuration list for PBXNativeTarget "DCTDataSource Demo" */ = {
			isa = XCConfigurationList;
			buildConfigurations = (
				24AF7AB6187AFE0B0091AD00 /* Debug */,
				24AF7AB7187AFE0B0091AD00 /* Release */,
			);
			defaultConfigurationIsVisible = 0;
			defaultConfigurationName = Release;
		};
		24CF1A381A93983500868486 /* Build configuration list for PBXNativeTarget "DCTDataSource OS X" */ = {
			isa = XCConfigurationList;
			buildConfigurations = (
				24CF1A341A93983500868486 /* Debug */,
				24CF1A351A93983500868486 /* Release */,
			);
			defaultConfigurationIsVisible = 0;
			defaultConfigurationName = Release;
		};
/* End XCConfigurationList section */

/* Begin XCVersionGroup section */
		24A3E3DB189F816F00E73F0C /* TestModel.xcdatamodeld */ = {
			isa = XCVersionGroup;
			children = (
				24A3E3DC189F816F00E73F0C /* TestModel.xcdatamodel */,
			);
			currentVersion = 24A3E3DC189F816F00E73F0C /* TestModel.xcdatamodel */;
			path = TestModel.xcdatamodeld;
			sourceTree = "<group>";
			versionGroupType = wrapper.xcdatamodel;
		};
/* End XCVersionGroup section */
	};
	rootObject = 244A675C158B1AB100952890 /* Project object */;
}
