// !$*UTF8*$!
{
	archiveVersion = 1;
	classes = {
	};
	objectVersion = 46;
	objects = {

/* Begin PBXBuildFile section */
		244A6769158B1AB100952890 /* Foundation.framework in Frameworks */ = {isa = PBXBuildFile; fileRef = 244A6768158B1AB100952890 /* Foundation.framework */; };
		244A6777158B1AB100952890 /* SenTestingKit.framework in Frameworks */ = {isa = PBXBuildFile; fileRef = 244A6776158B1AB100952890 /* SenTestingKit.framework */; };
		244A6779158B1AB100952890 /* UIKit.framework in Frameworks */ = {isa = PBXBuildFile; fileRef = 244A6778158B1AB100952890 /* UIKit.framework */; };
		244A677A158B1AB100952890 /* Foundation.framework in Frameworks */ = {isa = PBXBuildFile; fileRef = 244A6768158B1AB100952890 /* Foundation.framework */; };
		244A677D158B1AB100952890 /* libDCTTableViewDataSources.a in Frameworks */ = {isa = PBXBuildFile; fileRef = 244A6765158B1AB100952890 /* libDCTTableViewDataSources.a */; };
		244A6783158B1AB100952890 /* InfoPlist.strings in Resources */ = {isa = PBXBuildFile; fileRef = 244A6781158B1AB100952890 /* InfoPlist.strings */; };
		244A6786158B1AB100952890 /* DCTTableViewDataSourcesTests.m in Sources */ = {isa = PBXBuildFile; fileRef = 244A6785158B1AB100952890 /* DCTTableViewDataSourcesTests.m */; };
		244A67B0158B1AF700952890 /* DCTArrayObservingTableViewDataSource.h in Headers */ = {isa = PBXBuildFile; fileRef = 244A678F158B1AF600952890 /* DCTArrayObservingTableViewDataSource.h */; settings = {ATTRIBUTES = (Public, ); }; };
		244A67B1158B1AF700952890 /* DCTArrayObservingTableViewDataSource.m in Sources */ = {isa = PBXBuildFile; fileRef = 244A6790158B1AF600952890 /* DCTArrayObservingTableViewDataSource.m */; };
		244A67B2158B1AF700952890 /* DCTArrayTableViewDataSource.h in Headers */ = {isa = PBXBuildFile; fileRef = 244A6791158B1AF600952890 /* DCTArrayTableViewDataSource.h */; settings = {ATTRIBUTES = (Public, ); }; };
		244A67B3158B1AF700952890 /* DCTArrayTableViewDataSource.m in Sources */ = {isa = PBXBuildFile; fileRef = 244A6792158B1AF600952890 /* DCTArrayTableViewDataSource.m */; };
		244A67B4158B1AF700952890 /* DCTCollapsableSectionTableViewDataSource.h in Headers */ = {isa = PBXBuildFile; fileRef = 244A6793158B1AF600952890 /* DCTCollapsableSectionTableViewDataSource.h */; settings = {ATTRIBUTES = (Public, ); }; };
		244A67B5158B1AF700952890 /* DCTCollapsableSectionTableViewDataSource.m in Sources */ = {isa = PBXBuildFile; fileRef = 244A6794158B1AF600952890 /* DCTCollapsableSectionTableViewDataSource.m */; };
		244A67B6158B1AF700952890 /* DCTFetchedResultsTableViewDataSource.h in Headers */ = {isa = PBXBuildFile; fileRef = 244A6795158B1AF600952890 /* DCTFetchedResultsTableViewDataSource.h */; settings = {ATTRIBUTES = (Public, ); }; };
		244A67B7158B1AF700952890 /* DCTFetchedResultsTableViewDataSource.m in Sources */ = {isa = PBXBuildFile; fileRef = 244A6796158B1AF600952890 /* DCTFetchedResultsTableViewDataSource.m */; };
		244A67B8158B1AF700952890 /* DCTHorizontalTableViewDataSource.h in Headers */ = {isa = PBXBuildFile; fileRef = 244A6797158B1AF600952890 /* DCTHorizontalTableViewDataSource.h */; settings = {ATTRIBUTES = (Public, ); }; };
		244A67B9158B1AF700952890 /* DCTHorizontalTableViewDataSource.m in Sources */ = {isa = PBXBuildFile; fileRef = 244A6798158B1AF600952890 /* DCTHorizontalTableViewDataSource.m */; };
		244A67BA158B1AF700952890 /* DCTInterspersedTableViewDataSource.h in Headers */ = {isa = PBXBuildFile; fileRef = 244A6799158B1AF600952890 /* DCTInterspersedTableViewDataSource.h */; settings = {ATTRIBUTES = (Public, ); }; };
		244A67BB158B1AF700952890 /* DCTInterspersedTableViewDataSource.m in Sources */ = {isa = PBXBuildFile; fileRef = 244A679A158B1AF600952890 /* DCTInterspersedTableViewDataSource.m */; };
		244A67BC158B1AF700952890 /* DCTObjectTableViewDataSource.h in Headers */ = {isa = PBXBuildFile; fileRef = 244A679B158B1AF600952890 /* DCTObjectTableViewDataSource.h */; settings = {ATTRIBUTES = (Public, ); }; };
		244A67BD158B1AF700952890 /* DCTObjectTableViewDataSource.m in Sources */ = {isa = PBXBuildFile; fileRef = 244A679C158B1AF600952890 /* DCTObjectTableViewDataSource.m */; };
		244A67BE158B1AF700952890 /* DCTParentTableViewDataSource.h in Headers */ = {isa = PBXBuildFile; fileRef = 244A679D158B1AF600952890 /* DCTParentTableViewDataSource.h */; settings = {ATTRIBUTES = (Public, ); }; };
		244A67BF158B1AF700952890 /* DCTParentTableViewDataSource.m in Sources */ = {isa = PBXBuildFile; fileRef = 244A679E158B1AF600952890 /* DCTParentTableViewDataSource.m */; };
		244A67C0158B1AF700952890 /* DCTSplitTableViewDataSource.h in Headers */ = {isa = PBXBuildFile; fileRef = 244A679F158B1AF600952890 /* DCTSplitTableViewDataSource.h */; settings = {ATTRIBUTES = (Public, ); }; };
		244A67C1158B1AF700952890 /* DCTSplitTableViewDataSource.m in Sources */ = {isa = PBXBuildFile; fileRef = 244A67A0158B1AF600952890 /* DCTSplitTableViewDataSource.m */; };
		244A67C2158B1AF700952890 /* DCTTableViewCell.h in Headers */ = {isa = PBXBuildFile; fileRef = 244A67A1158B1AF600952890 /* DCTTableViewCell.h */; settings = {ATTRIBUTES = (Public, ); }; };
		244A67C3158B1AF700952890 /* DCTTableViewCell.m in Sources */ = {isa = PBXBuildFile; fileRef = 244A67A2158B1AF600952890 /* DCTTableViewCell.m */; };
		244A67C4158B1AF700952890 /* DCTTableViewDataSource.h in Headers */ = {isa = PBXBuildFile; fileRef = 244A67A3158B1AF600952890 /* DCTTableViewDataSource.h */; settings = {ATTRIBUTES = (Public, ); }; };
		244A67C5158B1AF700952890 /* DCTTableViewDataSource.m in Sources */ = {isa = PBXBuildFile; fileRef = 244A67A4158B1AF600952890 /* DCTTableViewDataSource.m */; };
		244A67C6158B1AF700952890 /* DCTTableViewDataSources.h in Headers */ = {isa = PBXBuildFile; fileRef = 244A67A5158B1AF600952890 /* DCTTableViewDataSources.h */; settings = {ATTRIBUTES = (Public, ); }; };
		244A67C7158B1AF700952890 /* UITableView+DCTNibRegistration.h in Headers */ = {isa = PBXBuildFile; fileRef = 244A67AC158B1AF700952890 /* UITableView+DCTNibRegistration.h */; settings = {ATTRIBUTES = (Public, ); }; };
		244A67C8158B1AF700952890 /* UITableView+DCTNibRegistration.m in Sources */ = {isa = PBXBuildFile; fileRef = 244A67AD158B1AF700952890 /* UITableView+DCTNibRegistration.m */; };
		244A67C9158B1AF700952890 /* UITableView+DCTTableViewDataSources.h in Headers */ = {isa = PBXBuildFile; fileRef = 244A67AE158B1AF700952890 /* UITableView+DCTTableViewDataSources.h */; settings = {ATTRIBUTES = (Public, ); }; };
		244A67CA158B1AF700952890 /* UITableView+DCTTableViewDataSources.m in Sources */ = {isa = PBXBuildFile; fileRef = 244A67AF158B1AF700952890 /* UITableView+DCTTableViewDataSources.m */; };
		244A67CC158B1B4D00952890 /* DCTCollapsableSectionTableViewDataSourceDisclosureIndicator.png in CopyFiles */ = {isa = PBXBuildFile; fileRef = 244A67A7158B1AF700952890 /* DCTCollapsableSectionTableViewDataSourceDisclosureIndicator.png */; };
		244A67CD158B1B4D00952890 /* DCTCollapsableSectionTableViewDataSourceDisclosureIndicator@2x.png in CopyFiles */ = {isa = PBXBuildFile; fileRef = 244A67A8158B1AF700952890 /* DCTCollapsableSectionTableViewDataSourceDisclosureIndicator@2x.png */; };
		244A67CE158B1B4D00952890 /* DCTCollapsableSectionTableViewDataSourceDisclosureIndicatorHighlighted.png in CopyFiles */ = {isa = PBXBuildFile; fileRef = 244A67A9158B1AF700952890 /* DCTCollapsableSectionTableViewDataSourceDisclosureIndicatorHighlighted.png */; };
		244A67CF158B1B4D00952890 /* DCTCollapsableSectionTableViewDataSourceDisclosureIndicatorHighlighted@2x.png in CopyFiles */ = {isa = PBXBuildFile; fileRef = 244A67AA158B1AF700952890 /* DCTCollapsableSectionTableViewDataSourceDisclosureIndicatorHighlighted@2x.png */; };
/* End PBXBuildFile section */

/* Begin PBXContainerItemProxy section */
		244A677B158B1AB100952890 /* PBXContainerItemProxy */ = {
			isa = PBXContainerItemProxy;
			containerPortal = 244A675C158B1AB100952890 /* Project object */;
			proxyType = 1;
			remoteGlobalIDString = 244A6764158B1AB100952890;
			remoteInfo = DCTTableViewDataSources;
		};
/* End PBXContainerItemProxy section */

/* Begin PBXCopyFilesBuildPhase section */
		244A67CB158B1B3E00952890 /* CopyFiles */ = {
			isa = PBXCopyFilesBuildPhase;
			buildActionMask = 2147483647;
			dstPath = MainBundleAssets;
			dstSubfolderSpec = 16;
			files = (
				244A67CC158B1B4D00952890 /* DCTCollapsableSectionTableViewDataSourceDisclosureIndicator.png in CopyFiles */,
				244A67CD158B1B4D00952890 /* DCTCollapsableSectionTableViewDataSourceDisclosureIndicator@2x.png in CopyFiles */,
				244A67CE158B1B4D00952890 /* DCTCollapsableSectionTableViewDataSourceDisclosureIndicatorHighlighted.png in CopyFiles */,
				244A67CF158B1B4D00952890 /* DCTCollapsableSectionTableViewDataSourceDisclosureIndicatorHighlighted@2x.png in CopyFiles */,
			);
			runOnlyForDeploymentPostprocessing = 0;
		};
/* End PBXCopyFilesBuildPhase section */

/* Begin PBXFileReference section */
		244A6765158B1AB100952890 /* libDCTTableViewDataSources.a */ = {isa = PBXFileReference; explicitFileType = archive.ar; includeInIndex = 0; path = libDCTTableViewDataSources.a; sourceTree = BUILT_PRODUCTS_DIR; };
		244A6768158B1AB100952890 /* Foundation.framework */ = {isa = PBXFileReference; lastKnownFileType = wrapper.framework; name = Foundation.framework; path = System/Library/Frameworks/Foundation.framework; sourceTree = SDKROOT; };
		244A6775158B1AB100952890 /* DCTTableViewDataSourcesTests.octest */ = {isa = PBXFileReference; explicitFileType = wrapper.cfbundle; includeInIndex = 0; path = DCTTableViewDataSourcesTests.octest; sourceTree = BUILT_PRODUCTS_DIR; };
		244A6776158B1AB100952890 /* SenTestingKit.framework */ = {isa = PBXFileReference; lastKnownFileType = wrapper.framework; name = SenTestingKit.framework; path = Library/Frameworks/SenTestingKit.framework; sourceTree = DEVELOPER_DIR; };
		244A6778158B1AB100952890 /* UIKit.framework */ = {isa = PBXFileReference; lastKnownFileType = wrapper.framework; name = UIKit.framework; path = Library/Frameworks/UIKit.framework; sourceTree = DEVELOPER_DIR; };
		244A6780158B1AB100952890 /* DCTTableViewDataSourcesTests-Info.plist */ = {isa = PBXFileReference; lastKnownFileType = text.plist.xml; path = "DCTTableViewDataSourcesTests-Info.plist"; sourceTree = "<group>"; };
		244A6782158B1AB100952890 /* en */ = {isa = PBXFileReference; lastKnownFileType = text.plist.strings; name = en; path = en.lproj/InfoPlist.strings; sourceTree = "<group>"; };
		244A6784158B1AB100952890 /* DCTTableViewDataSourcesTests.h */ = {isa = PBXFileReference; lastKnownFileType = sourcecode.c.h; path = DCTTableViewDataSourcesTests.h; sourceTree = "<group>"; };
		244A6785158B1AB100952890 /* DCTTableViewDataSourcesTests.m */ = {isa = PBXFileReference; lastKnownFileType = sourcecode.c.objc; path = DCTTableViewDataSourcesTests.m; sourceTree = "<group>"; };
		244A678F158B1AF600952890 /* DCTArrayObservingTableViewDataSource.h */ = {isa = PBXFileReference; fileEncoding = 4; lastKnownFileType = sourcecode.c.h; lineEnding = 0; path = DCTArrayObservingTableViewDataSource.h; sourceTree = "<group>"; xcLanguageSpecificationIdentifier = xcode.lang.objcpp; };
		244A6790158B1AF600952890 /* DCTArrayObservingTableViewDataSource.m */ = {isa = PBXFileReference; fileEncoding = 4; lastKnownFileType = sourcecode.c.objc; lineEnding = 0; path = DCTArrayObservingTableViewDataSource.m; sourceTree = "<group>"; xcLanguageSpecificationIdentifier = xcode.lang.objc; };
		244A6791158B1AF600952890 /* DCTArrayTableViewDataSource.h */ = {isa = PBXFileReference; fileEncoding = 4; lastKnownFileType = sourcecode.c.h; lineEnding = 0; path = DCTArrayTableViewDataSource.h; sourceTree = "<group>"; xcLanguageSpecificationIdentifier = xcode.lang.objcpp; };
		244A6792158B1AF600952890 /* DCTArrayTableViewDataSource.m */ = {isa = PBXFileReference; fileEncoding = 4; lastKnownFileType = sourcecode.c.objc; path = DCTArrayTableViewDataSource.m; sourceTree = "<group>"; };
		244A6793158B1AF600952890 /* DCTCollapsableSectionTableViewDataSource.h */ = {isa = PBXFileReference; fileEncoding = 4; lastKnownFileType = sourcecode.c.h; path = DCTCollapsableSectionTableViewDataSource.h; sourceTree = "<group>"; };
		244A6794158B1AF600952890 /* DCTCollapsableSectionTableViewDataSource.m */ = {isa = PBXFileReference; fileEncoding = 4; lastKnownFileType = sourcecode.c.objc; path = DCTCollapsableSectionTableViewDataSource.m; sourceTree = "<group>"; };
		244A6795158B1AF600952890 /* DCTFetchedResultsTableViewDataSource.h */ = {isa = PBXFileReference; fileEncoding = 4; lastKnownFileType = sourcecode.c.h; path = DCTFetchedResultsTableViewDataSource.h; sourceTree = "<group>"; };
		244A6796158B1AF600952890 /* DCTFetchedResultsTableViewDataSource.m */ = {isa = PBXFileReference; fileEncoding = 4; lastKnownFileType = sourcecode.c.objc; path = DCTFetchedResultsTableViewDataSource.m; sourceTree = "<group>"; };
		244A6797158B1AF600952890 /* DCTHorizontalTableViewDataSource.h */ = {isa = PBXFileReference; fileEncoding = 4; lastKnownFileType = sourcecode.c.h; path = DCTHorizontalTableViewDataSource.h; sourceTree = "<group>"; };
		244A6798158B1AF600952890 /* DCTHorizontalTableViewDataSource.m */ = {isa = PBXFileReference; fileEncoding = 4; lastKnownFileType = sourcecode.c.objc; path = DCTHorizontalTableViewDataSource.m; sourceTree = "<group>"; };
		244A6799158B1AF600952890 /* DCTInterspersedTableViewDataSource.h */ = {isa = PBXFileReference; fileEncoding = 4; lastKnownFileType = sourcecode.c.h; path = DCTInterspersedTableViewDataSource.h; sourceTree = "<group>"; };
		244A679A158B1AF600952890 /* DCTInterspersedTableViewDataSource.m */ = {isa = PBXFileReference; fileEncoding = 4; lastKnownFileType = sourcecode.c.objc; path = DCTInterspersedTableViewDataSource.m; sourceTree = "<group>"; };
		244A679B158B1AF600952890 /* DCTObjectTableViewDataSource.h */ = {isa = PBXFileReference; fileEncoding = 4; lastKnownFileType = sourcecode.c.h; path = DCTObjectTableViewDataSource.h; sourceTree = "<group>"; };
		244A679C158B1AF600952890 /* DCTObjectTableViewDataSource.m */ = {isa = PBXFileReference; fileEncoding = 4; lastKnownFileType = sourcecode.c.objc; path = DCTObjectTableViewDataSource.m; sourceTree = "<group>"; };
		244A679D158B1AF600952890 /* DCTParentTableViewDataSource.h */ = {isa = PBXFileReference; fileEncoding = 4; lastKnownFileType = sourcecode.c.h; path = DCTParentTableViewDataSource.h; sourceTree = "<group>"; };
		244A679E158B1AF600952890 /* DCTParentTableViewDataSource.m */ = {isa = PBXFileReference; fileEncoding = 4; lastKnownFileType = sourcecode.c.objc; path = DCTParentTableViewDataSource.m; sourceTree = "<group>"; };
		244A679F158B1AF600952890 /* DCTSplitTableViewDataSource.h */ = {isa = PBXFileReference; fileEncoding = 4; lastKnownFileType = sourcecode.c.h; path = DCTSplitTableViewDataSource.h; sourceTree = "<group>"; };
		244A67A0158B1AF600952890 /* DCTSplitTableViewDataSource.m */ = {isa = PBXFileReference; fileEncoding = 4; lastKnownFileType = sourcecode.c.objc; path = DCTSplitTableViewDataSource.m; sourceTree = "<group>"; };
		244A67A1158B1AF600952890 /* DCTTableViewCell.h */ = {isa = PBXFileReference; fileEncoding = 4; lastKnownFileType = sourcecode.c.h; path = DCTTableViewCell.h; sourceTree = "<group>"; };
		244A67A2158B1AF600952890 /* DCTTableViewCell.m */ = {isa = PBXFileReference; fileEncoding = 4; lastKnownFileType = sourcecode.c.objc; path = DCTTableViewCell.m; sourceTree = "<group>"; };
		244A67A3158B1AF600952890 /* DCTTableViewDataSource.h */ = {isa = PBXFileReference; fileEncoding = 4; lastKnownFileType = sourcecode.c.h; path = DCTTableViewDataSource.h; sourceTree = "<group>"; };
		244A67A4158B1AF600952890 /* DCTTableViewDataSource.m */ = {isa = PBXFileReference; fileEncoding = 4; lastKnownFileType = sourcecode.c.objc; path = DCTTableViewDataSource.m; sourceTree = "<group>"; };
		244A67A5158B1AF600952890 /* DCTTableViewDataSources.h */ = {isa = PBXFileReference; fileEncoding = 4; lastKnownFileType = sourcecode.c.h; path = DCTTableViewDataSources.h; sourceTree = "<group>"; };
		244A67A7158B1AF700952890 /* DCTCollapsableSectionTableViewDataSourceDisclosureIndicator.png */ = {isa = PBXFileReference; lastKnownFileType = image.png; path = DCTCollapsableSectionTableViewDataSourceDisclosureIndicator.png; sourceTree = "<group>"; };
		244A67A8158B1AF700952890 /* DCTCollapsableSectionTableViewDataSourceDisclosureIndicator@2x.png */ = {isa = PBXFileReference; lastKnownFileType = image.png; path = "DCTCollapsableSectionTableViewDataSourceDisclosureIndicator@2x.png"; sourceTree = "<group>"; };
		244A67A9158B1AF700952890 /* DCTCollapsableSectionTableViewDataSourceDisclosureIndicatorHighlighted.png */ = {isa = PBXFileReference; lastKnownFileType = image.png; path = DCTCollapsableSectionTableViewDataSourceDisclosureIndicatorHighlighted.png; sourceTree = "<group>"; };
		244A67AA158B1AF700952890 /* DCTCollapsableSectionTableViewDataSourceDisclosureIndicatorHighlighted@2x.png */ = {isa = PBXFileReference; lastKnownFileType = image.png; path = "DCTCollapsableSectionTableViewDataSourceDisclosureIndicatorHighlighted@2x.png"; sourceTree = "<group>"; };
		244A67AC158B1AF700952890 /* UITableView+DCTNibRegistration.h */ = {isa = PBXFileReference; fileEncoding = 4; lastKnownFileType = sourcecode.c.h; path = "UITableView+DCTNibRegistration.h"; sourceTree = "<group>"; };
		244A67AD158B1AF700952890 /* UITableView+DCTNibRegistration.m */ = {isa = PBXFileReference; fileEncoding = 4; lastKnownFileType = sourcecode.c.objc; path = "UITableView+DCTNibRegistration.m"; sourceTree = "<group>"; };
		244A67AE158B1AF700952890 /* UITableView+DCTTableViewDataSources.h */ = {isa = PBXFileReference; fileEncoding = 4; lastKnownFileType = sourcecode.c.h; path = "UITableView+DCTTableViewDataSources.h"; sourceTree = "<group>"; };
		244A67AF158B1AF700952890 /* UITableView+DCTTableViewDataSources.m */ = {isa = PBXFileReference; fileEncoding = 4; lastKnownFileType = sourcecode.c.objc; path = "UITableView+DCTTableViewDataSources.m"; sourceTree = "<group>"; };
/* End PBXFileReference section */

/* Begin PBXFrameworksBuildPhase section */
		244A6762158B1AB100952890 /* Frameworks */ = {
			isa = PBXFrameworksBuildPhase;
			buildActionMask = 2147483647;
			files = (
				244A6769158B1AB100952890 /* Foundation.framework in Frameworks */,
			);
			runOnlyForDeploymentPostprocessing = 0;
		};
		244A6771158B1AB100952890 /* Frameworks */ = {
			isa = PBXFrameworksBuildPhase;
			buildActionMask = 2147483647;
			files = (
				244A6777158B1AB100952890 /* SenTestingKit.framework in Frameworks */,
				244A6779158B1AB100952890 /* UIKit.framework in Frameworks */,
				244A677A158B1AB100952890 /* Foundation.framework in Frameworks */,
				244A677D158B1AB100952890 /* libDCTTableViewDataSources.a in Frameworks */,
			);
			runOnlyForDeploymentPostprocessing = 0;
		};
/* End PBXFrameworksBuildPhase section */

/* Begin PBXGroup section */
		244A675A158B1AB100952890 = {
			isa = PBXGroup;
			children = (
				244A676A158B1AB100952890 /* DCTTableViewDataSources */,
				244A677E158B1AB100952890 /* DCTTableViewDataSourcesTests */,
				244A6767158B1AB100952890 /* Frameworks */,
				244A6766158B1AB100952890 /* Products */,
			);
			sourceTree = "<group>";
		};
		244A6766158B1AB100952890 /* Products */ = {
			isa = PBXGroup;
			children = (
				244A6765158B1AB100952890 /* libDCTTableViewDataSources.a */,
				244A6775158B1AB100952890 /* DCTTableViewDataSourcesTests.octest */,
			);
			name = Products;
			sourceTree = "<group>";
		};
		244A6767158B1AB100952890 /* Frameworks */ = {
			isa = PBXGroup;
			children = (
				244A6768158B1AB100952890 /* Foundation.framework */,
				244A6776158B1AB100952890 /* SenTestingKit.framework */,
				244A6778158B1AB100952890 /* UIKit.framework */,
			);
			name = Frameworks;
			sourceTree = "<group>";
		};
		244A676A158B1AB100952890 /* DCTTableViewDataSources */ = {
			isa = PBXGroup;
			children = (
				244A678F158B1AF600952890 /* DCTArrayObservingTableViewDataSource.h */,
				244A6790158B1AF600952890 /* DCTArrayObservingTableViewDataSource.m */,
				244A6791158B1AF600952890 /* DCTArrayTableViewDataSource.h */,
				244A6792158B1AF600952890 /* DCTArrayTableViewDataSource.m */,
				244A6793158B1AF600952890 /* DCTCollapsableSectionTableViewDataSource.h */,
				244A6794158B1AF600952890 /* DCTCollapsableSectionTableViewDataSource.m */,
				244A6795158B1AF600952890 /* DCTFetchedResultsTableViewDataSource.h */,
				244A6796158B1AF600952890 /* DCTFetchedResultsTableViewDataSource.m */,
				244A6797158B1AF600952890 /* DCTHorizontalTableViewDataSource.h */,
				244A6798158B1AF600952890 /* DCTHorizontalTableViewDataSource.m */,
				244A6799158B1AF600952890 /* DCTInterspersedTableViewDataSource.h */,
				244A679A158B1AF600952890 /* DCTInterspersedTableViewDataSource.m */,
				244A679B158B1AF600952890 /* DCTObjectTableViewDataSource.h */,
				244A679C158B1AF600952890 /* DCTObjectTableViewDataSource.m */,
				244A679D158B1AF600952890 /* DCTParentTableViewDataSource.h */,
				244A679E158B1AF600952890 /* DCTParentTableViewDataSource.m */,
				244A679F158B1AF600952890 /* DCTSplitTableViewDataSource.h */,
				244A67A0158B1AF600952890 /* DCTSplitTableViewDataSource.m */,
				244A67A1158B1AF600952890 /* DCTTableViewCell.h */,
				244A67A2158B1AF600952890 /* DCTTableViewCell.m */,
				244A67A3158B1AF600952890 /* DCTTableViewDataSource.h */,
				244A67A4158B1AF600952890 /* DCTTableViewDataSource.m */,
				244A67A5158B1AF600952890 /* DCTTableViewDataSources.h */,
				244A67AC158B1AF700952890 /* UITableView+DCTNibRegistration.h */,
				244A67AD158B1AF700952890 /* UITableView+DCTNibRegistration.m */,
				244A67AE158B1AF700952890 /* UITableView+DCTTableViewDataSources.h */,
				244A67AF158B1AF700952890 /* UITableView+DCTTableViewDataSources.m */,
				244A67A6158B1AF600952890 /* Images */,
			);
			path = DCTTableViewDataSources;
			sourceTree = "<group>";
		};
		244A677E158B1AB100952890 /* DCTTableViewDataSourcesTests */ = {
			isa = PBXGroup;
			children = (
				244A6784158B1AB100952890 /* DCTTableViewDataSourcesTests.h */,
				244A6785158B1AB100952890 /* DCTTableViewDataSourcesTests.m */,
				244A677F158B1AB100952890 /* Supporting Files */,
			);
			path = DCTTableViewDataSourcesTests;
			sourceTree = "<group>";
		};
		244A677F158B1AB100952890 /* Supporting Files */ = {
			isa = PBXGroup;
			children = (
				244A6780158B1AB100952890 /* DCTTableViewDataSourcesTests-Info.plist */,
				244A6781158B1AB100952890 /* InfoPlist.strings */,
			);
			name = "Supporting Files";
			sourceTree = "<group>";
		};
		244A67A6158B1AF600952890 /* Images */ = {
			isa = PBXGroup;
			children = (
				244A67A7158B1AF700952890 /* DCTCollapsableSectionTableViewDataSourceDisclosureIndicator.png */,
				244A67A8158B1AF700952890 /* DCTCollapsableSectionTableViewDataSourceDisclosureIndicator@2x.png */,
				244A67A9158B1AF700952890 /* DCTCollapsableSectionTableViewDataSourceDisclosureIndicatorHighlighted.png */,
				244A67AA158B1AF700952890 /* DCTCollapsableSectionTableViewDataSourceDisclosureIndicatorHighlighted@2x.png */,
			);
			path = Images;
			sourceTree = "<group>";
		};
/* End PBXGroup section */

/* Begin PBXHeadersBuildPhase section */
		244A6763158B1AB100952890 /* Headers */ = {
			isa = PBXHeadersBuildPhase;
			buildActionMask = 2147483647;
			files = (
				244A67B0158B1AF700952890 /* DCTArrayObservingTableViewDataSource.h in Headers */,
				244A67B2158B1AF700952890 /* DCTArrayTableViewDataSource.h in Headers */,
				244A67B4158B1AF700952890 /* DCTCollapsableSectionTableViewDataSource.h in Headers */,
				244A67B6158B1AF700952890 /* DCTFetchedResultsTableViewDataSource.h in Headers */,
				244A67B8158B1AF700952890 /* DCTHorizontalTableViewDataSource.h in Headers */,
				244A67BA158B1AF700952890 /* DCTInterspersedTableViewDataSource.h in Headers */,
				244A67BC158B1AF700952890 /* DCTObjectTableViewDataSource.h in Headers */,
				244A67BE158B1AF700952890 /* DCTParentTableViewDataSource.h in Headers */,
				244A67C0158B1AF700952890 /* DCTSplitTableViewDataSource.h in Headers */,
				244A67C2158B1AF700952890 /* DCTTableViewCell.h in Headers */,
				244A67C4158B1AF700952890 /* DCTTableViewDataSource.h in Headers */,
				244A67C6158B1AF700952890 /* DCTTableViewDataSources.h in Headers */,
				244A67C7158B1AF700952890 /* UITableView+DCTNibRegistration.h in Headers */,
				244A67C9158B1AF700952890 /* UITableView+DCTTableViewDataSources.h in Headers */,
			);
			runOnlyForDeploymentPostprocessing = 0;
		};
/* End PBXHeadersBuildPhase section */

/* Begin PBXNativeTarget section */
		244A6764158B1AB100952890 /* DCTTableViewDataSources */ = {
			isa = PBXNativeTarget;
			buildConfigurationList = 244A6789158B1AB100952890 /* Build configuration list for PBXNativeTarget "DCTTableViewDataSources" */;
			buildPhases = (
				244A6761158B1AB100952890 /* Sources */,
				244A6762158B1AB100952890 /* Frameworks */,
				244A6763158B1AB100952890 /* Headers */,
				244A67CB158B1B3E00952890 /* CopyFiles */,
			);
			buildRules = (
			);
			dependencies = (
			);
			name = DCTTableViewDataSources;
			productName = DCTTableViewDataSources;
			productReference = 244A6765158B1AB100952890 /* libDCTTableViewDataSources.a */;
			productType = "com.apple.product-type.library.static";
		};
		244A6774158B1AB100952890 /* DCTTableViewDataSourcesTests */ = {
			isa = PBXNativeTarget;
			buildConfigurationList = 244A678C158B1AB100952890 /* Build configuration list for PBXNativeTarget "DCTTableViewDataSourcesTests" */;
			buildPhases = (
				244A6770158B1AB100952890 /* Sources */,
				244A6771158B1AB100952890 /* Frameworks */,
				244A6772158B1AB100952890 /* Resources */,
				244A6773158B1AB100952890 /* ShellScript */,
			);
			buildRules = (
			);
			dependencies = (
				244A677C158B1AB100952890 /* PBXTargetDependency */,
			);
			name = DCTTableViewDataSourcesTests;
			productName = DCTTableViewDataSourcesTests;
			productReference = 244A6775158B1AB100952890 /* DCTTableViewDataSourcesTests.octest */;
			productType = "com.apple.product-type.bundle";
		};
/* End PBXNativeTarget section */

/* Begin PBXProject section */
		244A675C158B1AB100952890 /* Project object */ = {
			isa = PBXProject;
			attributes = {
				LastUpgradeCheck = 0440;
				ORGANIZATIONNAME = "Daniel Tull";
			};
			buildConfigurationList = 244A675F158B1AB100952890 /* Build configuration list for PBXProject "DCTTableViewDataSources" */;
			compatibilityVersion = "Xcode 3.2";
			developmentRegion = English;
			hasScannedForEncodings = 0;
			knownRegions = (
				en,
			);
			mainGroup = 244A675A158B1AB100952890;
			productRefGroup = 244A6766158B1AB100952890 /* Products */;
			projectDirPath = "";
			projectRoot = "";
			targets = (
				244A6764158B1AB100952890 /* DCTTableViewDataSources */,
				244A6774158B1AB100952890 /* DCTTableViewDataSourcesTests */,
			);
		};
/* End PBXProject section */

/* Begin PBXResourcesBuildPhase section */
		244A6772158B1AB100952890 /* Resources */ = {
			isa = PBXResourcesBuildPhase;
			buildActionMask = 2147483647;
			files = (
				244A6783158B1AB100952890 /* InfoPlist.strings in Resources */,
			);
			runOnlyForDeploymentPostprocessing = 0;
		};
/* End PBXResourcesBuildPhase section */

/* Begin PBXShellScriptBuildPhase section */
		244A6773158B1AB100952890 /* ShellScript */ = {
			isa = PBXShellScriptBuildPhase;
			buildActionMask = 2147483647;
			files = (
			);
			inputPaths = (
			);
			outputPaths = (
			);
			runOnlyForDeploymentPostprocessing = 0;
			shellPath = /bin/sh;
			shellScript = "# Run the unit tests in this test bundle.\n\"${SYSTEM_DEVELOPER_DIR}/Tools/RunUnitTests\"\n";
		};
/* End PBXShellScriptBuildPhase section */

/* Begin PBXSourcesBuildPhase section */
		244A6761158B1AB100952890 /* Sources */ = {
			isa = PBXSourcesBuildPhase;
			buildActionMask = 2147483647;
			files = (
				244A67B1158B1AF700952890 /* DCTArrayObservingTableViewDataSource.m in Sources */,
				244A67B3158B1AF700952890 /* DCTArrayTableViewDataSource.m in Sources */,
				244A67B5158B1AF700952890 /* DCTCollapsableSectionTableViewDataSource.m in Sources */,
				244A67B7158B1AF700952890 /* DCTFetchedResultsTableViewDataSource.m in Sources */,
				244A67B9158B1AF700952890 /* DCTHorizontalTableViewDataSource.m in Sources */,
				244A67BB158B1AF700952890 /* DCTInterspersedTableViewDataSource.m in Sources */,
				244A67BD158B1AF700952890 /* DCTObjectTableViewDataSource.m in Sources */,
				244A67BF158B1AF700952890 /* DCTParentTableViewDataSource.m in Sources */,
				244A67C1158B1AF700952890 /* DCTSplitTableViewDataSource.m in Sources */,
				244A67C3158B1AF700952890 /* DCTTableViewCell.m in Sources */,
				244A67C5158B1AF700952890 /* DCTTableViewDataSource.m in Sources */,
				244A67C8158B1AF700952890 /* UITableView+DCTNibRegistration.m in Sources */,
				244A67CA158B1AF700952890 /* UITableView+DCTTableViewDataSources.m in Sources */,
			);
			runOnlyForDeploymentPostprocessing = 0;
		};
		244A6770158B1AB100952890 /* Sources */ = {
			isa = PBXSourcesBuildPhase;
			buildActionMask = 2147483647;
			files = (
				244A6786158B1AB100952890 /* DCTTableViewDataSourcesTests.m in Sources */,
			);
			runOnlyForDeploymentPostprocessing = 0;
		};
/* End PBXSourcesBuildPhase section */

/* Begin PBXTargetDependency section */
		244A677C158B1AB100952890 /* PBXTargetDependency */ = {
			isa = PBXTargetDependency;
			target = 244A6764158B1AB100952890 /* DCTTableViewDataSources */;
			targetProxy = 244A677B158B1AB100952890 /* PBXContainerItemProxy */;
		};
/* End PBXTargetDependency section */

/* Begin PBXVariantGroup section */
		244A6781158B1AB100952890 /* InfoPlist.strings */ = {
			isa = PBXVariantGroup;
			children = (
				244A6782158B1AB100952890 /* en */,
			);
			name = InfoPlist.strings;
			sourceTree = "<group>";
		};
/* End PBXVariantGroup section */

/* Begin XCBuildConfiguration section */
		244A6787158B1AB100952890 /* Debug */ = {
			isa = XCBuildConfiguration;
			buildSettings = {
				ALWAYS_SEARCH_USER_PATHS = NO;
				ARCHS = "$(ARCHS_STANDARD_32_BIT)";
				CLANG_CXX_LANGUAGE_STANDARD = "gnu++0x";
				CLANG_ENABLE_OBJC_ARC = YES;
				CLANG_WARN__DUPLICATE_METHOD_MATCH = YES;
				COPY_PHASE_STRIP = NO;
				GCC_C_LANGUAGE_STANDARD = gnu99;
				GCC_DYNAMIC_NO_PIC = NO;
				GCC_OPTIMIZATION_LEVEL = 0;
				GCC_PREPROCESSOR_DEFINITIONS = (
					"DEBUG=1",
					"$(inherited)",
				);
				GCC_SYMBOLS_PRIVATE_EXTERN = NO;
				GCC_VERSION = com.apple.compilers.llvm.clang.1_0;
				GCC_WARN_ABOUT_RETURN_TYPE = YES;
				GCC_WARN_UNINITIALIZED_AUTOS = YES;
				GCC_WARN_UNUSED_VARIABLE = YES;
				IPHONEOS_DEPLOYMENT_TARGET = 5.1;
				SDKROOT = iphoneos;
			};
			name = Debug;
		};
		244A6788158B1AB100952890 /* Release */ = {
			isa = XCBuildConfiguration;
			buildSettings = {
				ALWAYS_SEARCH_USER_PATHS = NO;
				ARCHS = "$(ARCHS_STANDARD_32_BIT)";
				CLANG_CXX_LANGUAGE_STANDARD = "gnu++0x";
				CLANG_ENABLE_OBJC_ARC = YES;
				CLANG_WARN__DUPLICATE_METHOD_MATCH = YES;
				COPY_PHASE_STRIP = YES;
				GCC_C_LANGUAGE_STANDARD = gnu99;
				GCC_VERSION = com.apple.compilers.llvm.clang.1_0;
				GCC_WARN_ABOUT_RETURN_TYPE = YES;
				GCC_WARN_UNINITIALIZED_AUTOS = YES;
				GCC_WARN_UNUSED_VARIABLE = YES;
				IPHONEOS_DEPLOYMENT_TARGET = 5.1;
				SDKROOT = iphoneos;
				VALIDATE_PRODUCT = YES;
			};
			name = Release;
		};
		244A678A158B1AB100952890 /* Debug */ = {
			isa = XCBuildConfiguration;
			buildSettings = {
				DSTROOT = /tmp/DCTTableViewDataSources.dst;
				GCC_PRECOMPILE_PREFIX_HEADER = YES;
				GCC_PREFIX_HEADER = "";
				OTHER_LDFLAGS = "-ObjC";
				PRODUCT_NAME = "$(TARGET_NAME)";
				PUBLIC_HEADERS_FOLDER_PATH = "include/$(TARGET_NAME)";
				SKIP_INSTALL = YES;
			};
			name = Debug;
		};
		244A678B158B1AB100952890 /* Release */ = {
			isa = XCBuildConfiguration;
			buildSettings = {
				DSTROOT = /tmp/DCTTableViewDataSources.dst;
				GCC_PRECOMPILE_PREFIX_HEADER = YES;
				GCC_PREFIX_HEADER = "";
				OTHER_LDFLAGS = "-ObjC";
				PRODUCT_NAME = "$(TARGET_NAME)";
				PUBLIC_HEADERS_FOLDER_PATH = "include/$(TARGET_NAME)";
				SKIP_INSTALL = YES;
			};
			name = Release;
		};
		244A678D158B1AB100952890 /* Debug */ = {
			isa = XCBuildConfiguration;
			buildSettings = {
				FRAMEWORK_SEARCH_PATHS = (
					"\"$(SDKROOT)/Developer/Library/Frameworks\"",
					"\"$(DEVELOPER_LIBRARY_DIR)/Frameworks\"",
				);
				GCC_PRECOMPILE_PREFIX_HEADER = YES;
				GCC_PREFIX_HEADER = "DCTTableViewDataSources/DCTTableViewDataSources-Prefix.pch";
				INFOPLIST_FILE = "DCTTableViewDataSourcesTests/DCTTableViewDataSourcesTests-Info.plist";
				PRODUCT_NAME = "$(TARGET_NAME)";
				WRAPPER_EXTENSION = octest;
			};
			name = Debug;
		};
		244A678E158B1AB100952890 /* Release */ = {
			isa = XCBuildConfiguration;
			buildSettings = {
				FRAMEWORK_SEARCH_PATHS = (
					"\"$(SDKROOT)/Developer/Library/Frameworks\"",
					"\"$(DEVELOPER_LIBRARY_DIR)/Frameworks\"",
				);
				GCC_PRECOMPILE_PREFIX_HEADER = YES;
				GCC_PREFIX_HEADER = "DCTTableViewDataSources/DCTTableViewDataSources-Prefix.pch";
				INFOPLIST_FILE = "DCTTableViewDataSourcesTests/DCTTableViewDataSourcesTests-Info.plist";
				PRODUCT_NAME = "$(TARGET_NAME)";
				WRAPPER_EXTENSION = octest;
			};
			name = Release;
		};
/* End XCBuildConfiguration section */

/* Begin XCConfigurationList section */
		244A675F158B1AB100952890 /* Build configuration list for PBXProject "DCTTableViewDataSources" */ = {
			isa = XCConfigurationList;
			buildConfigurations = (
				244A6787158B1AB100952890 /* Debug */,
				244A6788158B1AB100952890 /* Release */,
			);
			defaultConfigurationIsVisible = 0;
			defaultConfigurationName = Release;
		};
		244A6789158B1AB100952890 /* Build configuration list for PBXNativeTarget "DCTTableViewDataSources" */ = {
			isa = XCConfigurationList;
			buildConfigurations = (
				244A678A158B1AB100952890 /* Debug */,
				244A678B158B1AB100952890 /* Release */,
			);
			defaultConfigurationIsVisible = 0;
		};
		244A678C158B1AB100952890 /* Build configuration list for PBXNativeTarget "DCTTableViewDataSourcesTests" */ = {
			isa = XCConfigurationList;
			buildConfigurations = (
				244A678D158B1AB100952890 /* Debug */,
				244A678E158B1AB100952890 /* Release */,
			);
			defaultConfigurationIsVisible = 0;
		};
/* End XCConfigurationList section */
	};
	rootObject = 244A675C158B1AB100952890 /* Project object */;
}
